// !$*UTF8*$!
{
	archiveVersion = 1;
	classes = {
	};
	objectVersion = 46;
	objects = {

/* Begin PBXBuildFile section */
		2F739CA1190FFA9B00FE2608 /* main_dtzx.png in Resources */ = {isa = PBXBuildFile; fileRef = 2F739C99190FFA9B00FE2608 /* main_dtzx.png */; };
		2F739CA2190FFA9B00FE2608 /* main_fbkc.png in Resources */ = {isa = PBXBuildFile; fileRef = 2F739C9A190FFA9B00FE2608 /* main_fbkc.png */; };
		2F739CA3190FFA9B00FE2608 /* main_jpkc.png in Resources */ = {isa = PBXBuildFile; fileRef = 2F739C9B190FFA9B00FE2608 /* main_jpkc.png */; };
		2F739CA4190FFA9B00FE2608 /* main_msjx.png in Resources */ = {isa = PBXBuildFile; fileRef = 2F739C9C190FFA9B00FE2608 /* main_msjx.png */; };
		2F739CA5190FFA9B00FE2608 /* main_wdzy.png in Resources */ = {isa = PBXBuildFile; fileRef = 2F739C9D190FFA9B00FE2608 /* main_wdzy.png */; };
		2F739CA6190FFA9B00FE2608 /* main_wyhd.png in Resources */ = {isa = PBXBuildFile; fileRef = 2F739C9E190FFA9B00FE2608 /* main_wyhd.png */; };
		2F739CA7190FFA9B00FE2608 /* main_wytw.png in Resources */ = {isa = PBXBuildFile; fileRef = 2F739C9F190FFA9B00FE2608 /* main_wytw.png */; };
		2F739CA8190FFA9B00FE2608 /* main_wyyy.png in Resources */ = {isa = PBXBuildFile; fileRef = 2F739CA0190FFA9B00FE2608 /* main_wyyy.png */; };
		2F739CA91910004700FE2608 /* Backup.storyboard in Resources */ = {isa = PBXBuildFile; fileRef = 2F739C96190FF4C000FE2608 /* Backup.storyboard */; };
		2F739CB11910045F00FE2608 /* nav_bar_back_btn_n.png in Resources */ = {isa = PBXBuildFile; fileRef = 2F739CAB1910045F00FE2608 /* nav_bar_back_btn_n.png */; };
		2F739CB21910045F00FE2608 /* nav_bar_bg.png in Resources */ = {isa = PBXBuildFile; fileRef = 2F739CAC1910045F00FE2608 /* nav_bar_bg.png */; };
		2F739CB31910045F00FE2608 /* nav_bar_del_btn_n.png in Resources */ = {isa = PBXBuildFile; fileRef = 2F739CAD1910045F00FE2608 /* nav_bar_del_btn_n.png */; };
		2F739CB41910045F00FE2608 /* nav_bar_person_btn_n.png in Resources */ = {isa = PBXBuildFile; fileRef = 2F739CAE1910045F00FE2608 /* nav_bar_person_btn_n.png */; };
		2F739CB51910045F00FE2608 /* nav_bar_red_btn_n.png in Resources */ = {isa = PBXBuildFile; fileRef = 2F739CAF1910045F00FE2608 /* nav_bar_red_btn_n.png */; };
		2F739CB61910045F00FE2608 /* nav_bar_red_btn_p.png in Resources */ = {isa = PBXBuildFile; fileRef = 2F739CB01910045F00FE2608 /* nav_bar_red_btn_p.png */; };
		2FAB689B190A26D40081D6B6 /* Foundation.framework in Frameworks */ = {isa = PBXBuildFile; fileRef = 2FAB689A190A26D40081D6B6 /* Foundation.framework */; };
		2FAB689D190A26D40081D6B6 /* CoreGraphics.framework in Frameworks */ = {isa = PBXBuildFile; fileRef = 2FAB689C190A26D40081D6B6 /* CoreGraphics.framework */; };
		2FAB689F190A26D40081D6B6 /* UIKit.framework in Frameworks */ = {isa = PBXBuildFile; fileRef = 2FAB689E190A26D40081D6B6 /* UIKit.framework */; };
		2FAB68A5190A26D40081D6B6 /* InfoPlist.strings in Resources */ = {isa = PBXBuildFile; fileRef = 2FAB68A3190A26D40081D6B6 /* InfoPlist.strings */; };
		2FAB68A7190A26D40081D6B6 /* main.m in Sources */ = {isa = PBXBuildFile; fileRef = 2FAB68A6190A26D40081D6B6 /* main.m */; };
		2FAB68AB190A26D40081D6B6 /* AppDelegate.m in Sources */ = {isa = PBXBuildFile; fileRef = 2FAB68AA190A26D40081D6B6 /* AppDelegate.m */; };
		2FAB68B3190A26D40081D6B6 /* Images.xcassets in Resources */ = {isa = PBXBuildFile; fileRef = 2FAB68B2190A26D40081D6B6 /* Images.xcassets */; };
		2FAB68BA190A26D40081D6B6 /* XCTest.framework in Frameworks */ = {isa = PBXBuildFile; fileRef = 2FAB68B9190A26D40081D6B6 /* XCTest.framework */; };
		2FAB68BB190A26D40081D6B6 /* Foundation.framework in Frameworks */ = {isa = PBXBuildFile; fileRef = 2FAB689A190A26D40081D6B6 /* Foundation.framework */; };
		2FAB68BC190A26D40081D6B6 /* UIKit.framework in Frameworks */ = {isa = PBXBuildFile; fileRef = 2FAB689E190A26D40081D6B6 /* UIKit.framework */; };
		2FAB68C4190A26D40081D6B6 /* InfoPlist.strings in Resources */ = {isa = PBXBuildFile; fileRef = 2FAB68C2190A26D40081D6B6 /* InfoPlist.strings */; };
		2FAB68C6190A26D50081D6B6 /* ManhattanEnglishTests.m in Sources */ = {isa = PBXBuildFile; fileRef = 2FAB68C5190A26D50081D6B6 /* ManhattanEnglishTests.m */; };
		37348C36190CE79E007605DA /* ViewUtil.m in Sources */ = {isa = PBXBuildFile; fileRef = 37348C35190CE79E007605DA /* ViewUtil.m */; };
		37348C4A190CF1AA007605DA /* Main.storyboard in Resources */ = {isa = PBXBuildFile; fileRef = 37348C44190CF10E007605DA /* Main.storyboard */; };
		37A6D66D190FF43400B7C8B0 /* CommonService.m in Sources */ = {isa = PBXBuildFile; fileRef = 37A6D66C190FF43400B7C8B0 /* CommonService.m */; };
		37A6D683190FF44700B7C8B0 /* back.png in Resources */ = {isa = PBXBuildFile; fileRef = 37A6D66F190FF44700B7C8B0 /* back.png */; };
		37A6D684190FF44700B7C8B0 /* button-ok.png in Resources */ = {isa = PBXBuildFile; fileRef = 37A6D670190FF44700B7C8B0 /* button-ok.png */; };
		37A6D685190FF44700B7C8B0 /* button.png in Resources */ = {isa = PBXBuildFile; fileRef = 37A6D671190FF44700B7C8B0 /* button.png */; };
		37A6D686190FF44700B7C8B0 /* my.png in Resources */ = {isa = PBXBuildFile; fileRef = 37A6D672190FF44700B7C8B0 /* my.png */; };
		37A6D687190FF44700B7C8B0 /* Navigation-Bar.png in Resources */ = {isa = PBXBuildFile; fileRef = 37A6D673190FF44700B7C8B0 /* Navigation-Bar.png */; };
		37A6D688190FF44700B7C8B0 /* Navigation-Bar_6.png in Resources */ = {isa = PBXBuildFile; fileRef = 37A6D674190FF44700B7C8B0 /* Navigation-Bar_6.png */; };
		37A6D689190FF44700B7C8B0 /* hq.png in Resources */ = {isa = PBXBuildFile; fileRef = 37A6D676190FF44700B7C8B0 /* hq.png */; };
		37A6D68A190FF44700B7C8B0 /* logo.png in Resources */ = {isa = PBXBuildFile; fileRef = 37A6D677190FF44700B7C8B0 /* logo.png */; };
		37A6D68B190FF44700B7C8B0 /* mm.png in Resources */ = {isa = PBXBuildFile; fileRef = 37A6D678190FF44700B7C8B0 /* mm.png */; };
		37A6D68C190FF44700B7C8B0 /* no.png in Resources */ = {isa = PBXBuildFile; fileRef = 37A6D679190FF44700B7C8B0 /* no.png */; };
		37A6D68D190FF44700B7C8B0 /* ok.png in Resources */ = {isa = PBXBuildFile; fileRef = 37A6D67A190FF44700B7C8B0 /* ok.png */; };
		37A6D68E190FF44700B7C8B0 /* Push-button.png in Resources */ = {isa = PBXBuildFile; fileRef = 37A6D67B190FF44700B7C8B0 /* Push-button.png */; };
		37A6D68F190FF44700B7C8B0 /* register_btn_n.png in Resources */ = {isa = PBXBuildFile; fileRef = 37A6D67C190FF44700B7C8B0 /* register_btn_n.png */; };
		37A6D690190FF44700B7C8B0 /* register_btn_p.png in Resources */ = {isa = PBXBuildFile; fileRef = 37A6D67D190FF44700B7C8B0 /* register_btn_p.png */; };
		37A6D691190FF44700B7C8B0 /* sj.png in Resources */ = {isa = PBXBuildFile; fileRef = 37A6D67E190FF44700B7C8B0 /* sj.png */; };
		37A6D692190FF44700B7C8B0 /* tx.png in Resources */ = {isa = PBXBuildFile; fileRef = 37A6D67F190FF44700B7C8B0 /* tx.png */; };
		37A6D693190FF44700B7C8B0 /* xz.png in Resources */ = {isa = PBXBuildFile; fileRef = 37A6D680190FF44700B7C8B0 /* xz.png */; };
		37A6D694190FF44700B7C8B0 /* arrow.png in Resources */ = {isa = PBXBuildFile; fileRef = 37A6D682190FF44700B7C8B0 /* arrow.png */; };
		37A6D6AB190FF45400B7C8B0 /* BaseViewController.m in Sources */ = {isa = PBXBuildFile; fileRef = 37A6D697190FF45400B7C8B0 /* BaseViewController.m */; };
		37A6D6AC190FF45400B7C8B0 /* FindPWViewController.m in Sources */ = {isa = PBXBuildFile; fileRef = 37A6D69A190FF45400B7C8B0 /* FindPWViewController.m */; };
		37A6D6AD190FF45400B7C8B0 /* HelpViewController.m in Sources */ = {isa = PBXBuildFile; fileRef = 37A6D69C190FF45400B7C8B0 /* HelpViewController.m */; };
		37A6D6AE190FF45400B7C8B0 /* HelpViewController.xib in Resources */ = {isa = PBXBuildFile; fileRef = 37A6D69D190FF45400B7C8B0 /* HelpViewController.xib */; };
		37A6D6AF190FF45400B7C8B0 /* LoginViewController.m in Sources */ = {isa = PBXBuildFile; fileRef = 37A6D69F190FF45400B7C8B0 /* LoginViewController.m */; };
		37A6D6B0190FF45400B7C8B0 /* RegisterViewController.m in Sources */ = {isa = PBXBuildFile; fileRef = 37A6D6A1190FF45400B7C8B0 /* RegisterViewController.m */; };
		37A6D6B1190FF45400B7C8B0 /* AboutViewController.m in Sources */ = {isa = PBXBuildFile; fileRef = 37A6D6A4190FF45400B7C8B0 /* AboutViewController.m */; };
		37A6D6B2190FF45400B7C8B0 /* AboutViewController.xib in Resources */ = {isa = PBXBuildFile; fileRef = 37A6D6A5190FF45400B7C8B0 /* AboutViewController.xib */; };
		37A6D6B3190FF45400B7C8B0 /* ContactUsViewController.m in Sources */ = {isa = PBXBuildFile; fileRef = 37A6D6A7190FF45400B7C8B0 /* ContactUsViewController.m */; };
		37A6D6B4190FF45400B7C8B0 /* ContactUsViewController.xib in Resources */ = {isa = PBXBuildFile; fileRef = 37A6D6A8190FF45400B7C8B0 /* ContactUsViewController.xib */; };
		37A6D6B5190FF45400B7C8B0 /* MoreViewController.m in Sources */ = {isa = PBXBuildFile; fileRef = 37A6D6AA190FF45400B7C8B0 /* MoreViewController.m */; };
		37A6D6BB1910023800B7C8B0 /* PersonalInfoViewController.m in Sources */ = {isa = PBXBuildFile; fileRef = 37A6D6BA1910023800B7C8B0 /* PersonalInfoViewController.m */; };
		37A6D6BE191005A200B7C8B0 /* WalletViewController.m in Sources */ = {isa = PBXBuildFile; fileRef = 37A6D6BD191005A200B7C8B0 /* WalletViewController.m */; };
		37A6D6C1191005E300B7C8B0 /* QuestionViewController.m in Sources */ = {isa = PBXBuildFile; fileRef = 37A6D6C0191005E300B7C8B0 /* QuestionViewController.m */; };
		37A6D6C41910063000B7C8B0 /* IdentifyViewController.m in Sources */ = {isa = PBXBuildFile; fileRef = 37A6D6C31910063000B7C8B0 /* IdentifyViewController.m */; };
		37A6D6C91910088B00B7C8B0 /* personal_boy.png in Resources */ = {isa = PBXBuildFile; fileRef = 37A6D6C61910088B00B7C8B0 /* personal_boy.png */; };
		37A6D6CA1910088B00B7C8B0 /* personal_girl.png in Resources */ = {isa = PBXBuildFile; fileRef = 37A6D6C71910088B00B7C8B0 /* personal_girl.png */; };
		37A6D6CB1910088B00B7C8B0 /* personal_head.png in Resources */ = {isa = PBXBuildFile; fileRef = 37A6D6C81910088B00B7C8B0 /* personal_head.png */; };
		37A6D6CF19100C1700B7C8B0 /* InfoTableViewCell.m in Sources */ = {isa = PBXBuildFile; fileRef = 37A6D6CD19100C1700B7C8B0 /* InfoTableViewCell.m */; };
		37A6D6D019100C1700B7C8B0 /* InfoTableViewCell.xib in Resources */ = {isa = PBXBuildFile; fileRef = 37A6D6CE19100C1700B7C8B0 /* InfoTableViewCell.xib */; };
/* End PBXBuildFile section */

/* Begin PBXContainerItemProxy section */
		2FAB68BD190A26D40081D6B6 /* PBXContainerItemProxy */ = {
			isa = PBXContainerItemProxy;
			containerPortal = 2FAB688F190A26D40081D6B6 /* Project object */;
			proxyType = 1;
			remoteGlobalIDString = 2FAB6896190A26D40081D6B6;
			remoteInfo = ManhattanEnglish;
		};
/* End PBXContainerItemProxy section */

/* Begin PBXFileReference section */
		2F739C96190FF4C000FE2608 /* Backup.storyboard */ = {isa = PBXFileReference; fileEncoding = 4; lastKnownFileType = file.storyboard; path = Backup.storyboard; sourceTree = "<group>"; };
		2F739C99190FFA9B00FE2608 /* main_dtzx.png */ = {isa = PBXFileReference; lastKnownFileType = image.png; path = main_dtzx.png; sourceTree = "<group>"; };
		2F739C9A190FFA9B00FE2608 /* main_fbkc.png */ = {isa = PBXFileReference; lastKnownFileType = image.png; path = main_fbkc.png; sourceTree = "<group>"; };
		2F739C9B190FFA9B00FE2608 /* main_jpkc.png */ = {isa = PBXFileReference; lastKnownFileType = image.png; path = main_jpkc.png; sourceTree = "<group>"; };
		2F739C9C190FFA9B00FE2608 /* main_msjx.png */ = {isa = PBXFileReference; lastKnownFileType = image.png; path = main_msjx.png; sourceTree = "<group>"; };
		2F739C9D190FFA9B00FE2608 /* main_wdzy.png */ = {isa = PBXFileReference; lastKnownFileType = image.png; path = main_wdzy.png; sourceTree = "<group>"; };
		2F739C9E190FFA9B00FE2608 /* main_wyhd.png */ = {isa = PBXFileReference; lastKnownFileType = image.png; path = main_wyhd.png; sourceTree = "<group>"; };
		2F739C9F190FFA9B00FE2608 /* main_wytw.png */ = {isa = PBXFileReference; lastKnownFileType = image.png; path = main_wytw.png; sourceTree = "<group>"; };
		2F739CA0190FFA9B00FE2608 /* main_wyyy.png */ = {isa = PBXFileReference; lastKnownFileType = image.png; path = main_wyyy.png; sourceTree = "<group>"; };
		2F739CAB1910045F00FE2608 /* nav_bar_back_btn_n.png */ = {isa = PBXFileReference; lastKnownFileType = image.png; path = nav_bar_back_btn_n.png; sourceTree = "<group>"; };
		2F739CAC1910045F00FE2608 /* nav_bar_bg.png */ = {isa = PBXFileReference; lastKnownFileType = image.png; path = nav_bar_bg.png; sourceTree = "<group>"; };
		2F739CAD1910045F00FE2608 /* nav_bar_del_btn_n.png */ = {isa = PBXFileReference; lastKnownFileType = image.png; path = nav_bar_del_btn_n.png; sourceTree = "<group>"; };
		2F739CAE1910045F00FE2608 /* nav_bar_person_btn_n.png */ = {isa = PBXFileReference; lastKnownFileType = image.png; path = nav_bar_person_btn_n.png; sourceTree = "<group>"; };
		2F739CAF1910045F00FE2608 /* nav_bar_red_btn_n.png */ = {isa = PBXFileReference; lastKnownFileType = image.png; path = nav_bar_red_btn_n.png; sourceTree = "<group>"; };
		2F739CB01910045F00FE2608 /* nav_bar_red_btn_p.png */ = {isa = PBXFileReference; lastKnownFileType = image.png; path = nav_bar_red_btn_p.png; sourceTree = "<group>"; };
		2FAB6897190A26D40081D6B6 /* ManhattanEnglish.app */ = {isa = PBXFileReference; explicitFileType = wrapper.application; includeInIndex = 0; path = ManhattanEnglish.app; sourceTree = BUILT_PRODUCTS_DIR; };
		2FAB689A190A26D40081D6B6 /* Foundation.framework */ = {isa = PBXFileReference; lastKnownFileType = wrapper.framework; name = Foundation.framework; path = System/Library/Frameworks/Foundation.framework; sourceTree = SDKROOT; };
		2FAB689C190A26D40081D6B6 /* CoreGraphics.framework */ = {isa = PBXFileReference; lastKnownFileType = wrapper.framework; name = CoreGraphics.framework; path = System/Library/Frameworks/CoreGraphics.framework; sourceTree = SDKROOT; };
		2FAB689E190A26D40081D6B6 /* UIKit.framework */ = {isa = PBXFileReference; lastKnownFileType = wrapper.framework; name = UIKit.framework; path = System/Library/Frameworks/UIKit.framework; sourceTree = SDKROOT; };
		2FAB68A2190A26D40081D6B6 /* ManhattanEnglish-Info.plist */ = {isa = PBXFileReference; lastKnownFileType = text.plist.xml; path = "ManhattanEnglish-Info.plist"; sourceTree = "<group>"; };
		2FAB68A4190A26D40081D6B6 /* en */ = {isa = PBXFileReference; lastKnownFileType = text.plist.strings; name = en; path = en.lproj/InfoPlist.strings; sourceTree = "<group>"; };
		2FAB68A6190A26D40081D6B6 /* main.m */ = {isa = PBXFileReference; lastKnownFileType = sourcecode.c.objc; path = main.m; sourceTree = "<group>"; };
		2FAB68A8190A26D40081D6B6 /* ManhattanEnglish-Prefix.pch */ = {isa = PBXFileReference; lastKnownFileType = sourcecode.c.h; path = "ManhattanEnglish-Prefix.pch"; sourceTree = "<group>"; };
		2FAB68A9190A26D40081D6B6 /* AppDelegate.h */ = {isa = PBXFileReference; lastKnownFileType = sourcecode.c.h; path = AppDelegate.h; sourceTree = "<group>"; };
		2FAB68AA190A26D40081D6B6 /* AppDelegate.m */ = {isa = PBXFileReference; lastKnownFileType = sourcecode.c.objc; path = AppDelegate.m; sourceTree = "<group>"; };
		2FAB68B2190A26D40081D6B6 /* Images.xcassets */ = {isa = PBXFileReference; lastKnownFileType = folder.assetcatalog; path = Images.xcassets; sourceTree = "<group>"; };
		2FAB68B8190A26D40081D6B6 /* ManhattanEnglishTests.xctest */ = {isa = PBXFileReference; explicitFileType = wrapper.cfbundle; includeInIndex = 0; path = ManhattanEnglishTests.xctest; sourceTree = BUILT_PRODUCTS_DIR; };
		2FAB68B9190A26D40081D6B6 /* XCTest.framework */ = {isa = PBXFileReference; lastKnownFileType = wrapper.framework; name = XCTest.framework; path = Library/Frameworks/XCTest.framework; sourceTree = DEVELOPER_DIR; };
		2FAB68C1190A26D40081D6B6 /* ManhattanEnglishTests-Info.plist */ = {isa = PBXFileReference; lastKnownFileType = text.plist.xml; path = "ManhattanEnglishTests-Info.plist"; sourceTree = "<group>"; };
		2FAB68C3190A26D40081D6B6 /* en */ = {isa = PBXFileReference; lastKnownFileType = text.plist.strings; name = en; path = en.lproj/InfoPlist.strings; sourceTree = "<group>"; };
		2FAB68C5190A26D50081D6B6 /* ManhattanEnglishTests.m */ = {isa = PBXFileReference; lastKnownFileType = sourcecode.c.objc; path = ManhattanEnglishTests.m; sourceTree = "<group>"; };
		37348C34190CE79E007605DA /* ViewUtil.h */ = {isa = PBXFileReference; fileEncoding = 4; lastKnownFileType = sourcecode.c.h; path = ViewUtil.h; sourceTree = "<group>"; };
		37348C35190CE79E007605DA /* ViewUtil.m */ = {isa = PBXFileReference; fileEncoding = 4; lastKnownFileType = sourcecode.c.objc; path = ViewUtil.m; sourceTree = "<group>"; };
		37348C3D190CEA5B007605DA /* GlobalDefine.h */ = {isa = PBXFileReference; fileEncoding = 4; lastKnownFileType = sourcecode.c.h; path = GlobalDefine.h; sourceTree = "<group>"; };
		37348C3E190CEA5B007605DA /* GlobalFrameDefine.h */ = {isa = PBXFileReference; fileEncoding = 4; lastKnownFileType = sourcecode.c.h; path = GlobalFrameDefine.h; sourceTree = "<group>"; };
		37348C3F190CEA5B007605DA /* GlobalImageDefine.h */ = {isa = PBXFileReference; fileEncoding = 4; lastKnownFileType = sourcecode.c.h; path = GlobalImageDefine.h; sourceTree = "<group>"; };
		37348C40190CEA5B007605DA /* GlobalStringDefine.h */ = {isa = PBXFileReference; fileEncoding = 4; lastKnownFileType = sourcecode.c.h; path = GlobalStringDefine.h; sourceTree = "<group>"; };
		37348C41190CEA5B007605DA /* GlobalOpenDefine.h */ = {isa = PBXFileReference; fileEncoding = 4; lastKnownFileType = sourcecode.c.h; path = GlobalOpenDefine.h; sourceTree = "<group>"; };
		37348C42190CEA5B007605DA /* GlobalErrorDefine.h */ = {isa = PBXFileReference; fileEncoding = 4; lastKnownFileType = sourcecode.c.h; path = GlobalErrorDefine.h; sourceTree = "<group>"; };
		37348C45190CF10E007605DA /* Base */ = {isa = PBXFileReference; lastKnownFileType = file.storyboard; name = Base; path = Base.lproj/Main.storyboard; sourceTree = "<group>"; };
		37348C49190CF189007605DA /* en */ = {isa = PBXFileReference; lastKnownFileType = text.plist.strings; name = en; path = en.lproj/Main.strings; sourceTree = "<group>"; };
		37A6D66B190FF43400B7C8B0 /* CommonService.h */ = {isa = PBXFileReference; fileEncoding = 4; lastKnownFileType = sourcecode.c.h; path = CommonService.h; sourceTree = "<group>"; };
		37A6D66C190FF43400B7C8B0 /* CommonService.m */ = {isa = PBXFileReference; fileEncoding = 4; lastKnownFileType = sourcecode.c.objc; path = CommonService.m; sourceTree = "<group>"; };
		37A6D66F190FF44700B7C8B0 /* back.png */ = {isa = PBXFileReference; lastKnownFileType = image.png; path = back.png; sourceTree = "<group>"; };
		37A6D670190FF44700B7C8B0 /* button-ok.png */ = {isa = PBXFileReference; lastKnownFileType = image.png; path = "button-ok.png"; sourceTree = "<group>"; };
		37A6D671190FF44700B7C8B0 /* button.png */ = {isa = PBXFileReference; lastKnownFileType = image.png; path = button.png; sourceTree = "<group>"; };
		37A6D672190FF44700B7C8B0 /* my.png */ = {isa = PBXFileReference; lastKnownFileType = image.png; path = my.png; sourceTree = "<group>"; };
		37A6D673190FF44700B7C8B0 /* Navigation-Bar.png */ = {isa = PBXFileReference; lastKnownFileType = image.png; path = "Navigation-Bar.png"; sourceTree = "<group>"; };
		37A6D674190FF44700B7C8B0 /* Navigation-Bar_6.png */ = {isa = PBXFileReference; lastKnownFileType = image.png; path = "Navigation-Bar_6.png"; sourceTree = "<group>"; };
		37A6D676190FF44700B7C8B0 /* hq.png */ = {isa = PBXFileReference; lastKnownFileType = image.png; path = hq.png; sourceTree = "<group>"; };
		37A6D677190FF44700B7C8B0 /* logo.png */ = {isa = PBXFileReference; lastKnownFileType = image.png; path = logo.png; sourceTree = "<group>"; };
		37A6D678190FF44700B7C8B0 /* mm.png */ = {isa = PBXFileReference; lastKnownFileType = image.png; path = mm.png; sourceTree = "<group>"; };
		37A6D679190FF44700B7C8B0 /* no.png */ = {isa = PBXFileReference; lastKnownFileType = image.png; path = no.png; sourceTree = "<group>"; };
		37A6D67A190FF44700B7C8B0 /* ok.png */ = {isa = PBXFileReference; lastKnownFileType = image.png; path = ok.png; sourceTree = "<group>"; };
		37A6D67B190FF44700B7C8B0 /* Push-button.png */ = {isa = PBXFileReference; lastKnownFileType = image.png; path = "Push-button.png"; sourceTree = "<group>"; };
		37A6D67C190FF44700B7C8B0 /* register_btn_n.png */ = {isa = PBXFileReference; lastKnownFileType = image.png; path = register_btn_n.png; sourceTree = "<group>"; };
		37A6D67D190FF44700B7C8B0 /* register_btn_p.png */ = {isa = PBXFileReference; lastKnownFileType = image.png; path = register_btn_p.png; sourceTree = "<group>"; };
		37A6D67E190FF44700B7C8B0 /* sj.png */ = {isa = PBXFileReference; lastKnownFileType = image.png; path = sj.png; sourceTree = "<group>"; };
		37A6D67F190FF44700B7C8B0 /* tx.png */ = {isa = PBXFileReference; lastKnownFileType = image.png; path = tx.png; sourceTree = "<group>"; };
		37A6D680190FF44700B7C8B0 /* xz.png */ = {isa = PBXFileReference; lastKnownFileType = image.png; path = xz.png; sourceTree = "<group>"; };
		37A6D682190FF44700B7C8B0 /* arrow.png */ = {isa = PBXFileReference; lastKnownFileType = image.png; path = arrow.png; sourceTree = "<group>"; };
		37A6D696190FF45400B7C8B0 /* BaseViewController.h */ = {isa = PBXFileReference; fileEncoding = 4; lastKnownFileType = sourcecode.c.h; path = BaseViewController.h; sourceTree = "<group>"; };
		37A6D697190FF45400B7C8B0 /* BaseViewController.m */ = {isa = PBXFileReference; fileEncoding = 4; lastKnownFileType = sourcecode.c.objc; path = BaseViewController.m; sourceTree = "<group>"; };
		37A6D699190FF45400B7C8B0 /* FindPWViewController.h */ = {isa = PBXFileReference; fileEncoding = 4; lastKnownFileType = sourcecode.c.h; path = FindPWViewController.h; sourceTree = "<group>"; };
		37A6D69A190FF45400B7C8B0 /* FindPWViewController.m */ = {isa = PBXFileReference; fileEncoding = 4; lastKnownFileType = sourcecode.c.objc; path = FindPWViewController.m; sourceTree = "<group>"; };
		37A6D69B190FF45400B7C8B0 /* HelpViewController.h */ = {isa = PBXFileReference; fileEncoding = 4; lastKnownFileType = sourcecode.c.h; path = HelpViewController.h; sourceTree = "<group>"; };
		37A6D69C190FF45400B7C8B0 /* HelpViewController.m */ = {isa = PBXFileReference; fileEncoding = 4; lastKnownFileType = sourcecode.c.objc; path = HelpViewController.m; sourceTree = "<group>"; };
		37A6D69D190FF45400B7C8B0 /* HelpViewController.xib */ = {isa = PBXFileReference; fileEncoding = 4; lastKnownFileType = file.xib; path = HelpViewController.xib; sourceTree = "<group>"; };
		37A6D69E190FF45400B7C8B0 /* LoginViewController.h */ = {isa = PBXFileReference; fileEncoding = 4; lastKnownFileType = sourcecode.c.h; path = LoginViewController.h; sourceTree = "<group>"; };
		37A6D69F190FF45400B7C8B0 /* LoginViewController.m */ = {isa = PBXFileReference; fileEncoding = 4; lastKnownFileType = sourcecode.c.objc; path = LoginViewController.m; sourceTree = "<group>"; };
		37A6D6A0190FF45400B7C8B0 /* RegisterViewController.h */ = {isa = PBXFileReference; fileEncoding = 4; lastKnownFileType = sourcecode.c.h; path = RegisterViewController.h; sourceTree = "<group>"; };
		37A6D6A1190FF45400B7C8B0 /* RegisterViewController.m */ = {isa = PBXFileReference; fileEncoding = 4; lastKnownFileType = sourcecode.c.objc; path = RegisterViewController.m; sourceTree = "<group>"; };
		37A6D6A3190FF45400B7C8B0 /* AboutViewController.h */ = {isa = PBXFileReference; fileEncoding = 4; lastKnownFileType = sourcecode.c.h; path = AboutViewController.h; sourceTree = "<group>"; };
		37A6D6A4190FF45400B7C8B0 /* AboutViewController.m */ = {isa = PBXFileReference; fileEncoding = 4; lastKnownFileType = sourcecode.c.objc; path = AboutViewController.m; sourceTree = "<group>"; };
		37A6D6A5190FF45400B7C8B0 /* AboutViewController.xib */ = {isa = PBXFileReference; fileEncoding = 4; lastKnownFileType = file.xib; path = AboutViewController.xib; sourceTree = "<group>"; };
		37A6D6A6190FF45400B7C8B0 /* ContactUsViewController.h */ = {isa = PBXFileReference; fileEncoding = 4; lastKnownFileType = sourcecode.c.h; path = ContactUsViewController.h; sourceTree = "<group>"; };
		37A6D6A7190FF45400B7C8B0 /* ContactUsViewController.m */ = {isa = PBXFileReference; fileEncoding = 4; lastKnownFileType = sourcecode.c.objc; path = ContactUsViewController.m; sourceTree = "<group>"; };
		37A6D6A8190FF45400B7C8B0 /* ContactUsViewController.xib */ = {isa = PBXFileReference; fileEncoding = 4; lastKnownFileType = file.xib; path = ContactUsViewController.xib; sourceTree = "<group>"; };
		37A6D6A9190FF45400B7C8B0 /* MoreViewController.h */ = {isa = PBXFileReference; fileEncoding = 4; lastKnownFileType = sourcecode.c.h; path = MoreViewController.h; sourceTree = "<group>"; };
		37A6D6AA190FF45400B7C8B0 /* MoreViewController.m */ = {isa = PBXFileReference; fileEncoding = 4; lastKnownFileType = sourcecode.c.objc; path = MoreViewController.m; sourceTree = "<group>"; };
		37A6D6B91910023800B7C8B0 /* PersonalInfoViewController.h */ = {isa = PBXFileReference; fileEncoding = 4; lastKnownFileType = sourcecode.c.h; path = PersonalInfoViewController.h; sourceTree = "<group>"; };
		37A6D6BA1910023800B7C8B0 /* PersonalInfoViewController.m */ = {isa = PBXFileReference; fileEncoding = 4; lastKnownFileType = sourcecode.c.objc; path = PersonalInfoViewController.m; sourceTree = "<group>"; };
		37A6D6BC191005A200B7C8B0 /* WalletViewController.h */ = {isa = PBXFileReference; fileEncoding = 4; lastKnownFileType = sourcecode.c.h; path = WalletViewController.h; sourceTree = "<group>"; };
		37A6D6BD191005A200B7C8B0 /* WalletViewController.m */ = {isa = PBXFileReference; fileEncoding = 4; lastKnownFileType = sourcecode.c.objc; path = WalletViewController.m; sourceTree = "<group>"; };
		37A6D6BF191005E300B7C8B0 /* QuestionViewController.h */ = {isa = PBXFileReference; fileEncoding = 4; lastKnownFileType = sourcecode.c.h; path = QuestionViewController.h; sourceTree = "<group>"; };
		37A6D6C0191005E300B7C8B0 /* QuestionViewController.m */ = {isa = PBXFileReference; fileEncoding = 4; lastKnownFileType = sourcecode.c.objc; path = QuestionViewController.m; sourceTree = "<group>"; };
		37A6D6C21910063000B7C8B0 /* IdentifyViewController.h */ = {isa = PBXFileReference; fileEncoding = 4; lastKnownFileType = sourcecode.c.h; path = IdentifyViewController.h; sourceTree = "<group>"; };
		37A6D6C31910063000B7C8B0 /* IdentifyViewController.m */ = {isa = PBXFileReference; fileEncoding = 4; lastKnownFileType = sourcecode.c.objc; path = IdentifyViewController.m; sourceTree = "<group>"; };
		37A6D6C61910088B00B7C8B0 /* personal_boy.png */ = {isa = PBXFileReference; lastKnownFileType = image.png; path = personal_boy.png; sourceTree = "<group>"; };
		37A6D6C71910088B00B7C8B0 /* personal_girl.png */ = {isa = PBXFileReference; lastKnownFileType = image.png; path = personal_girl.png; sourceTree = "<group>"; };
		37A6D6C81910088B00B7C8B0 /* personal_head.png */ = {isa = PBXFileReference; lastKnownFileType = image.png; path = personal_head.png; sourceTree = "<group>"; };
		37A6D6CC19100C1700B7C8B0 /* InfoTableViewCell.h */ = {isa = PBXFileReference; fileEncoding = 4; lastKnownFileType = sourcecode.c.h; path = InfoTableViewCell.h; sourceTree = "<group>"; };
		37A6D6CD19100C1700B7C8B0 /* InfoTableViewCell.m */ = {isa = PBXFileReference; fileEncoding = 4; lastKnownFileType = sourcecode.c.objc; path = InfoTableViewCell.m; sourceTree = "<group>"; };
		37A6D6CE19100C1700B7C8B0 /* InfoTableViewCell.xib */ = {isa = PBXFileReference; fileEncoding = 4; lastKnownFileType = file.xib; path = InfoTableViewCell.xib; sourceTree = "<group>"; };
/* End PBXFileReference section */

/* Begin PBXFrameworksBuildPhase section */
		2FAB6894190A26D40081D6B6 /* Frameworks */ = {
			isa = PBXFrameworksBuildPhase;
			buildActionMask = 2147483647;
			files = (
				2FAB689D190A26D40081D6B6 /* CoreGraphics.framework in Frameworks */,
				2FAB689F190A26D40081D6B6 /* UIKit.framework in Frameworks */,
				2FAB689B190A26D40081D6B6 /* Foundation.framework in Frameworks */,
			);
			runOnlyForDeploymentPostprocessing = 0;
		};
		2FAB68B5190A26D40081D6B6 /* Frameworks */ = {
			isa = PBXFrameworksBuildPhase;
			buildActionMask = 2147483647;
			files = (
				2FAB68BA190A26D40081D6B6 /* XCTest.framework in Frameworks */,
				2FAB68BC190A26D40081D6B6 /* UIKit.framework in Frameworks */,
				2FAB68BB190A26D40081D6B6 /* Foundation.framework in Frameworks */,
			);
			runOnlyForDeploymentPostprocessing = 0;
		};
/* End PBXFrameworksBuildPhase section */

/* Begin PBXGroup section */
		2F739C98190FFA9B00FE2608 /* Main */ = {
			isa = PBXGroup;
			children = (
				2F739C99190FFA9B00FE2608 /* main_dtzx.png */,
				2F739C9A190FFA9B00FE2608 /* main_fbkc.png */,
				2F739C9B190FFA9B00FE2608 /* main_jpkc.png */,
				2F739C9C190FFA9B00FE2608 /* main_msjx.png */,
				2F739C9D190FFA9B00FE2608 /* main_wdzy.png */,
				2F739C9E190FFA9B00FE2608 /* main_wyhd.png */,
				2F739C9F190FFA9B00FE2608 /* main_wytw.png */,
				2F739CA0190FFA9B00FE2608 /* main_wyyy.png */,
			);
			path = Main;
			sourceTree = "<group>";
		};
		2F739CAA1910045F00FE2608 /* Navigation */ = {
			isa = PBXGroup;
			children = (
				2F739CAB1910045F00FE2608 /* nav_bar_back_btn_n.png */,
				2F739CAC1910045F00FE2608 /* nav_bar_bg.png */,
				2F739CAD1910045F00FE2608 /* nav_bar_del_btn_n.png */,
				2F739CAE1910045F00FE2608 /* nav_bar_person_btn_n.png */,
				2F739CAF1910045F00FE2608 /* nav_bar_red_btn_n.png */,
				2F739CB01910045F00FE2608 /* nav_bar_red_btn_p.png */,
			);
			path = Navigation;
			sourceTree = "<group>";
		};
		2FAB688E190A26D40081D6B6 = {
			isa = PBXGroup;
			children = (
				2FAB68A0190A26D40081D6B6 /* ManhattanEnglish */,
				2FAB68BF190A26D40081D6B6 /* ManhattanEnglishTests */,
				2FAB6899190A26D40081D6B6 /* Frameworks */,
				2FAB6898190A26D40081D6B6 /* Products */,
			);
			sourceTree = "<group>";
		};
		2FAB6898190A26D40081D6B6 /* Products */ = {
			isa = PBXGroup;
			children = (
				2FAB6897190A26D40081D6B6 /* ManhattanEnglish.app */,
				2FAB68B8190A26D40081D6B6 /* ManhattanEnglishTests.xctest */,
			);
			name = Products;
			sourceTree = "<group>";
		};
		2FAB6899190A26D40081D6B6 /* Frameworks */ = {
			isa = PBXGroup;
			children = (
				2FAB689A190A26D40081D6B6 /* Foundation.framework */,
				2FAB689C190A26D40081D6B6 /* CoreGraphics.framework */,
				2FAB689E190A26D40081D6B6 /* UIKit.framework */,
				2FAB68B9190A26D40081D6B6 /* XCTest.framework */,
			);
			name = Frameworks;
			sourceTree = "<group>";
		};
		2FAB68A0190A26D40081D6B6 /* ManhattanEnglish */ = {
			isa = PBXGroup;
			children = (
				2FAB68A9190A26D40081D6B6 /* AppDelegate.h */,
				2FAB68AA190A26D40081D6B6 /* AppDelegate.m */,
				37348C44190CF10E007605DA /* Main.storyboard */,
				2F739C96190FF4C000FE2608 /* Backup.storyboard */,
				37348C27190CE691007605DA /* Define */,
				37348C28190CE691007605DA /* Model */,
				37348C2D190CE691007605DA /* ViewController */,
				37348C2C190CE691007605DA /* Util */,
				37348C2B190CE691007605DA /* Service */,
				37348C2A190CE691007605DA /* Resource */,
				37348C29190CE691007605DA /* OtherSource */,
				2FAB68B2190A26D40081D6B6 /* Images.xcassets */,
				2FAB68A1190A26D40081D6B6 /* Supporting Files */,
			);
			path = ManhattanEnglish;
			sourceTree = "<group>";
		};
		2FAB68A1190A26D40081D6B6 /* Supporting Files */ = {
			isa = PBXGroup;
			children = (
				2FAB68A2190A26D40081D6B6 /* ManhattanEnglish-Info.plist */,
				2FAB68A3190A26D40081D6B6 /* InfoPlist.strings */,
				2FAB68A6190A26D40081D6B6 /* main.m */,
				2FAB68A8190A26D40081D6B6 /* ManhattanEnglish-Prefix.pch */,
			);
			name = "Supporting Files";
			sourceTree = "<group>";
		};
		2FAB68BF190A26D40081D6B6 /* ManhattanEnglishTests */ = {
			isa = PBXGroup;
			children = (
				2FAB68C5190A26D50081D6B6 /* ManhattanEnglishTests.m */,
				2FAB68C0190A26D40081D6B6 /* Supporting Files */,
			);
			path = ManhattanEnglishTests;
			sourceTree = "<group>";
		};
		2FAB68C0190A26D40081D6B6 /* Supporting Files */ = {
			isa = PBXGroup;
			children = (
				2FAB68C1190A26D40081D6B6 /* ManhattanEnglishTests-Info.plist */,
				2FAB68C2190A26D40081D6B6 /* InfoPlist.strings */,
			);
			name = "Supporting Files";
			sourceTree = "<group>";
		};
		37348C27190CE691007605DA /* Define */ = {
			isa = PBXGroup;
			children = (
				37348C3D190CEA5B007605DA /* GlobalDefine.h */,
				37348C3E190CEA5B007605DA /* GlobalFrameDefine.h */,
				37348C3F190CEA5B007605DA /* GlobalImageDefine.h */,
				37348C40190CEA5B007605DA /* GlobalStringDefine.h */,
				37348C41190CEA5B007605DA /* GlobalOpenDefine.h */,
				37348C42190CEA5B007605DA /* GlobalErrorDefine.h */,
			);
			path = Define;
			sourceTree = "<group>";
		};
		37348C28190CE691007605DA /* Model */ = {
			isa = PBXGroup;
			children = (
			);
			path = Model;
			sourceTree = "<group>";
		};
		37348C29190CE691007605DA /* OtherSource */ = {
			isa = PBXGroup;
			children = (
			);
			path = OtherSource;
			sourceTree = "<group>";
		};
		37348C2A190CE691007605DA /* Resource */ = {
			isa = PBXGroup;
			children = (
				37348C51190CFD5E007605DA /* Images */,
			);
			path = Resource;
			sourceTree = "<group>";
		};
		37348C2B190CE691007605DA /* Service */ = {
			isa = PBXGroup;
			children = (
				37A6D66A190FF43400B7C8B0 /* Common */,
			);
			path = Service;
			sourceTree = "<group>";
		};
		37348C2C190CE691007605DA /* Util */ = {
			isa = PBXGroup;
			children = (
				37348C34190CE79E007605DA /* ViewUtil.h */,
				37348C35190CE79E007605DA /* ViewUtil.m */,
			);
			path = Util;
			sourceTree = "<group>";
		};
		37348C2D190CE691007605DA /* ViewController */ = {
			isa = PBXGroup;
			children = (
				37A6D6B81910021600B7C8B0 /* Personal Center */,
				37A6D695190FF45400B7C8B0 /* Common */,
				37A6D698190FF45400B7C8B0 /* Login */,
				37A6D6A2190FF45400B7C8B0 /* More */,
			);
			path = ViewController;
			sourceTree = "<group>";
		};
		37348C51190CFD5E007605DA /* Images */ = {
			isa = PBXGroup;
			children = (
<<<<<<< HEAD
				37A6D6C51910088B00B7C8B0 /* Personal Center */,
=======
				2F739CAA1910045F00FE2608 /* Navigation */,
				2F739C98190FFA9B00FE2608 /* Main */,
>>>>>>> FETCH_HEAD
				37A6D66E190FF44700B7C8B0 /* Common */,
				37A6D675190FF44700B7C8B0 /* Login */,
				37A6D681190FF44700B7C8B0 /* More */,
			);
			path = Images;
			sourceTree = "<group>";
		};
		37A6D66A190FF43400B7C8B0 /* Common */ = {
			isa = PBXGroup;
			children = (
				37A6D66B190FF43400B7C8B0 /* CommonService.h */,
				37A6D66C190FF43400B7C8B0 /* CommonService.m */,
			);
			path = Common;
			sourceTree = "<group>";
		};
		37A6D66E190FF44700B7C8B0 /* Common */ = {
			isa = PBXGroup;
			children = (
				37A6D66F190FF44700B7C8B0 /* back.png */,
				37A6D670190FF44700B7C8B0 /* button-ok.png */,
				37A6D671190FF44700B7C8B0 /* button.png */,
				37A6D672190FF44700B7C8B0 /* my.png */,
				37A6D673190FF44700B7C8B0 /* Navigation-Bar.png */,
				37A6D674190FF44700B7C8B0 /* Navigation-Bar_6.png */,
			);
			path = Common;
			sourceTree = "<group>";
		};
		37A6D675190FF44700B7C8B0 /* Login */ = {
			isa = PBXGroup;
			children = (
				37A6D676190FF44700B7C8B0 /* hq.png */,
				37A6D677190FF44700B7C8B0 /* logo.png */,
				37A6D678190FF44700B7C8B0 /* mm.png */,
				37A6D679190FF44700B7C8B0 /* no.png */,
				37A6D67A190FF44700B7C8B0 /* ok.png */,
				37A6D67B190FF44700B7C8B0 /* Push-button.png */,
				37A6D67C190FF44700B7C8B0 /* register_btn_n.png */,
				37A6D67D190FF44700B7C8B0 /* register_btn_p.png */,
				37A6D67E190FF44700B7C8B0 /* sj.png */,
				37A6D67F190FF44700B7C8B0 /* tx.png */,
				37A6D680190FF44700B7C8B0 /* xz.png */,
			);
			path = Login;
			sourceTree = "<group>";
		};
		37A6D681190FF44700B7C8B0 /* More */ = {
			isa = PBXGroup;
			children = (
				37A6D682190FF44700B7C8B0 /* arrow.png */,
			);
			path = More;
			sourceTree = "<group>";
		};
		37A6D695190FF45400B7C8B0 /* Common */ = {
			isa = PBXGroup;
			children = (
				37A6D696190FF45400B7C8B0 /* BaseViewController.h */,
				37A6D697190FF45400B7C8B0 /* BaseViewController.m */,
			);
			path = Common;
			sourceTree = "<group>";
		};
		37A6D698190FF45400B7C8B0 /* Login */ = {
			isa = PBXGroup;
			children = (
				37A6D699190FF45400B7C8B0 /* FindPWViewController.h */,
				37A6D69A190FF45400B7C8B0 /* FindPWViewController.m */,
				37A6D69B190FF45400B7C8B0 /* HelpViewController.h */,
				37A6D69C190FF45400B7C8B0 /* HelpViewController.m */,
				37A6D69D190FF45400B7C8B0 /* HelpViewController.xib */,
				37A6D69E190FF45400B7C8B0 /* LoginViewController.h */,
				37A6D69F190FF45400B7C8B0 /* LoginViewController.m */,
				37A6D6A0190FF45400B7C8B0 /* RegisterViewController.h */,
				37A6D6A1190FF45400B7C8B0 /* RegisterViewController.m */,
			);
			path = Login;
			sourceTree = "<group>";
		};
		37A6D6A2190FF45400B7C8B0 /* More */ = {
			isa = PBXGroup;
			children = (
				37A6D6A3190FF45400B7C8B0 /* AboutViewController.h */,
				37A6D6A4190FF45400B7C8B0 /* AboutViewController.m */,
				37A6D6A5190FF45400B7C8B0 /* AboutViewController.xib */,
				37A6D6A6190FF45400B7C8B0 /* ContactUsViewController.h */,
				37A6D6A7190FF45400B7C8B0 /* ContactUsViewController.m */,
				37A6D6A8190FF45400B7C8B0 /* ContactUsViewController.xib */,
				37A6D6A9190FF45400B7C8B0 /* MoreViewController.h */,
				37A6D6AA190FF45400B7C8B0 /* MoreViewController.m */,
			);
			path = More;
			sourceTree = "<group>";
		};
		37A6D6B81910021600B7C8B0 /* Personal Center */ = {
			isa = PBXGroup;
			children = (
				37A6D6B91910023800B7C8B0 /* PersonalInfoViewController.h */,
				37A6D6BA1910023800B7C8B0 /* PersonalInfoViewController.m */,
				37A6D6CC19100C1700B7C8B0 /* InfoTableViewCell.h */,
				37A6D6CD19100C1700B7C8B0 /* InfoTableViewCell.m */,
				37A6D6CE19100C1700B7C8B0 /* InfoTableViewCell.xib */,
				37A6D6BC191005A200B7C8B0 /* WalletViewController.h */,
				37A6D6BD191005A200B7C8B0 /* WalletViewController.m */,
				37A6D6BF191005E300B7C8B0 /* QuestionViewController.h */,
				37A6D6C0191005E300B7C8B0 /* QuestionViewController.m */,
				37A6D6C21910063000B7C8B0 /* IdentifyViewController.h */,
				37A6D6C31910063000B7C8B0 /* IdentifyViewController.m */,
			);
			path = "Personal Center";
			sourceTree = "<group>";
		};
		37A6D6C51910088B00B7C8B0 /* Personal Center */ = {
			isa = PBXGroup;
			children = (
				37A6D6C61910088B00B7C8B0 /* personal_boy.png */,
				37A6D6C71910088B00B7C8B0 /* personal_girl.png */,
				37A6D6C81910088B00B7C8B0 /* personal_head.png */,
			);
			path = "Personal Center";
			sourceTree = "<group>";
		};
/* End PBXGroup section */

/* Begin PBXNativeTarget section */
		2FAB6896190A26D40081D6B6 /* ManhattanEnglish */ = {
			isa = PBXNativeTarget;
			buildConfigurationList = 2FAB68C9190A26D50081D6B6 /* Build configuration list for PBXNativeTarget "ManhattanEnglish" */;
			buildPhases = (
				2FAB6893190A26D40081D6B6 /* Sources */,
				2FAB6894190A26D40081D6B6 /* Frameworks */,
				2FAB6895190A26D40081D6B6 /* Resources */,
			);
			buildRules = (
			);
			dependencies = (
			);
			name = ManhattanEnglish;
			productName = ManhattanEnglish;
			productReference = 2FAB6897190A26D40081D6B6 /* ManhattanEnglish.app */;
			productType = "com.apple.product-type.application";
		};
		2FAB68B7190A26D40081D6B6 /* ManhattanEnglishTests */ = {
			isa = PBXNativeTarget;
			buildConfigurationList = 2FAB68CC190A26D50081D6B6 /* Build configuration list for PBXNativeTarget "ManhattanEnglishTests" */;
			buildPhases = (
				2FAB68B4190A26D40081D6B6 /* Sources */,
				2FAB68B5190A26D40081D6B6 /* Frameworks */,
				2FAB68B6190A26D40081D6B6 /* Resources */,
			);
			buildRules = (
			);
			dependencies = (
				2FAB68BE190A26D40081D6B6 /* PBXTargetDependency */,
			);
			name = ManhattanEnglishTests;
			productName = ManhattanEnglishTests;
			productReference = 2FAB68B8190A26D40081D6B6 /* ManhattanEnglishTests.xctest */;
			productType = "com.apple.product-type.bundle.unit-test";
		};
/* End PBXNativeTarget section */

/* Begin PBXProject section */
		2FAB688F190A26D40081D6B6 /* Project object */ = {
			isa = PBXProject;
			attributes = {
				LastUpgradeCheck = 0510;
				ORGANIZATIONNAME = 8hinfo;
				TargetAttributes = {
					2FAB68B7190A26D40081D6B6 = {
						TestTargetID = 2FAB6896190A26D40081D6B6;
					};
				};
			};
			buildConfigurationList = 2FAB6892190A26D40081D6B6 /* Build configuration list for PBXProject "ManhattanEnglish" */;
			compatibilityVersion = "Xcode 3.2";
			developmentRegion = English;
			hasScannedForEncodings = 0;
			knownRegions = (
				en,
				Base,
			);
			mainGroup = 2FAB688E190A26D40081D6B6;
			productRefGroup = 2FAB6898190A26D40081D6B6 /* Products */;
			projectDirPath = "";
			projectRoot = "";
			targets = (
				2FAB6896190A26D40081D6B6 /* ManhattanEnglish */,
				2FAB68B7190A26D40081D6B6 /* ManhattanEnglishTests */,
			);
		};
/* End PBXProject section */

/* Begin PBXResourcesBuildPhase section */
		2FAB6895190A26D40081D6B6 /* Resources */ = {
			isa = PBXResourcesBuildPhase;
			buildActionMask = 2147483647;
			files = (
				2F739CA2190FFA9B00FE2608 /* main_fbkc.png in Resources */,
				2F739CB31910045F00FE2608 /* nav_bar_del_btn_n.png in Resources */,
				37A6D68C190FF44700B7C8B0 /* no.png in Resources */,
				2F739CA6190FFA9B00FE2608 /* main_wyhd.png in Resources */,
				2F739CB41910045F00FE2608 /* nav_bar_person_btn_n.png in Resources */,
				2F739CA4190FFA9B00FE2608 /* main_msjx.png in Resources */,
				2F739CB61910045F00FE2608 /* nav_bar_red_btn_p.png in Resources */,
				37A6D689190FF44700B7C8B0 /* hq.png in Resources */,
				37A6D683190FF44700B7C8B0 /* back.png in Resources */,
				2F739CA8190FFA9B00FE2608 /* main_wyyy.png in Resources */,
				37A6D68A190FF44700B7C8B0 /* logo.png in Resources */,
				2F739CA7190FFA9B00FE2608 /* main_wytw.png in Resources */,
				37A6D691190FF44700B7C8B0 /* sj.png in Resources */,
				2F739CB11910045F00FE2608 /* nav_bar_back_btn_n.png in Resources */,
				37A6D685190FF44700B7C8B0 /* button.png in Resources */,
				37A6D686190FF44700B7C8B0 /* my.png in Resources */,
				2F739CA91910004700FE2608 /* Backup.storyboard in Resources */,
				37348C4A190CF1AA007605DA /* Main.storyboard in Resources */,
				37A6D692190FF44700B7C8B0 /* tx.png in Resources */,
				37A6D6D019100C1700B7C8B0 /* InfoTableViewCell.xib in Resources */,
				37A6D6C91910088B00B7C8B0 /* personal_boy.png in Resources */,
				37A6D68D190FF44700B7C8B0 /* ok.png in Resources */,
				2FAB68B3190A26D40081D6B6 /* Images.xcassets in Resources */,
				37A6D68B190FF44700B7C8B0 /* mm.png in Resources */,
				37A6D6CA1910088B00B7C8B0 /* personal_girl.png in Resources */,
				37A6D68F190FF44700B7C8B0 /* register_btn_n.png in Resources */,
				37A6D6AE190FF45400B7C8B0 /* HelpViewController.xib in Resources */,
				37A6D688190FF44700B7C8B0 /* Navigation-Bar_6.png in Resources */,
				37A6D6B4190FF45400B7C8B0 /* ContactUsViewController.xib in Resources */,
				37A6D690190FF44700B7C8B0 /* register_btn_p.png in Resources */,
				2F739CA1190FFA9B00FE2608 /* main_dtzx.png in Resources */,
				37A6D693190FF44700B7C8B0 /* xz.png in Resources */,
				37A6D68E190FF44700B7C8B0 /* Push-button.png in Resources */,
				37A6D684190FF44700B7C8B0 /* button-ok.png in Resources */,
				2FAB68A5190A26D40081D6B6 /* InfoPlist.strings in Resources */,
				2F739CB21910045F00FE2608 /* nav_bar_bg.png in Resources */,
				2F739CA5190FFA9B00FE2608 /* main_wdzy.png in Resources */,
				37A6D694190FF44700B7C8B0 /* arrow.png in Resources */,
				37A6D6B2190FF45400B7C8B0 /* AboutViewController.xib in Resources */,
<<<<<<< HEAD
				37A6D6CB1910088B00B7C8B0 /* personal_head.png in Resources */,
=======
				2F739CB51910045F00FE2608 /* nav_bar_red_btn_n.png in Resources */,
>>>>>>> FETCH_HEAD
				37A6D687190FF44700B7C8B0 /* Navigation-Bar.png in Resources */,
				2F739CA3190FFA9B00FE2608 /* main_jpkc.png in Resources */,
			);
			runOnlyForDeploymentPostprocessing = 0;
		};
		2FAB68B6190A26D40081D6B6 /* Resources */ = {
			isa = PBXResourcesBuildPhase;
			buildActionMask = 2147483647;
			files = (
				2FAB68C4190A26D40081D6B6 /* InfoPlist.strings in Resources */,
			);
			runOnlyForDeploymentPostprocessing = 0;
		};
/* End PBXResourcesBuildPhase section */

/* Begin PBXSourcesBuildPhase section */
		2FAB6893190A26D40081D6B6 /* Sources */ = {
			isa = PBXSourcesBuildPhase;
			buildActionMask = 2147483647;
			files = (
				37A6D6AF190FF45400B7C8B0 /* LoginViewController.m in Sources */,
				37A6D6B5190FF45400B7C8B0 /* MoreViewController.m in Sources */,
				37A6D6AC190FF45400B7C8B0 /* FindPWViewController.m in Sources */,
				37A6D6CF19100C1700B7C8B0 /* InfoTableViewCell.m in Sources */,
				37A6D66D190FF43400B7C8B0 /* CommonService.m in Sources */,
				37A6D6AB190FF45400B7C8B0 /* BaseViewController.m in Sources */,
				37A6D6B0190FF45400B7C8B0 /* RegisterViewController.m in Sources */,
				37348C36190CE79E007605DA /* ViewUtil.m in Sources */,
				37A6D6BE191005A200B7C8B0 /* WalletViewController.m in Sources */,
				37A6D6B1190FF45400B7C8B0 /* AboutViewController.m in Sources */,
				37A6D6B3190FF45400B7C8B0 /* ContactUsViewController.m in Sources */,
				37A6D6AD190FF45400B7C8B0 /* HelpViewController.m in Sources */,
				37A6D6C1191005E300B7C8B0 /* QuestionViewController.m in Sources */,
				37A6D6BB1910023800B7C8B0 /* PersonalInfoViewController.m in Sources */,
				2FAB68AB190A26D40081D6B6 /* AppDelegate.m in Sources */,
				37A6D6C41910063000B7C8B0 /* IdentifyViewController.m in Sources */,
				2FAB68A7190A26D40081D6B6 /* main.m in Sources */,
			);
			runOnlyForDeploymentPostprocessing = 0;
		};
		2FAB68B4190A26D40081D6B6 /* Sources */ = {
			isa = PBXSourcesBuildPhase;
			buildActionMask = 2147483647;
			files = (
				2FAB68C6190A26D50081D6B6 /* ManhattanEnglishTests.m in Sources */,
			);
			runOnlyForDeploymentPostprocessing = 0;
		};
/* End PBXSourcesBuildPhase section */

/* Begin PBXTargetDependency section */
		2FAB68BE190A26D40081D6B6 /* PBXTargetDependency */ = {
			isa = PBXTargetDependency;
			target = 2FAB6896190A26D40081D6B6 /* ManhattanEnglish */;
			targetProxy = 2FAB68BD190A26D40081D6B6 /* PBXContainerItemProxy */;
		};
/* End PBXTargetDependency section */

/* Begin PBXVariantGroup section */
		2FAB68A3190A26D40081D6B6 /* InfoPlist.strings */ = {
			isa = PBXVariantGroup;
			children = (
				2FAB68A4190A26D40081D6B6 /* en */,
			);
			name = InfoPlist.strings;
			sourceTree = "<group>";
		};
		2FAB68C2190A26D40081D6B6 /* InfoPlist.strings */ = {
			isa = PBXVariantGroup;
			children = (
				2FAB68C3190A26D40081D6B6 /* en */,
			);
			name = InfoPlist.strings;
			sourceTree = "<group>";
		};
		37348C44190CF10E007605DA /* Main.storyboard */ = {
			isa = PBXVariantGroup;
			children = (
				37348C45190CF10E007605DA /* Base */,
				37348C49190CF189007605DA /* en */,
			);
			name = Main.storyboard;
			sourceTree = "<group>";
		};
/* End PBXVariantGroup section */

/* Begin XCBuildConfiguration section */
		2FAB68C7190A26D50081D6B6 /* Debug */ = {
			isa = XCBuildConfiguration;
			buildSettings = {
				ALWAYS_SEARCH_USER_PATHS = NO;
				CLANG_CXX_LANGUAGE_STANDARD = "gnu++0x";
				CLANG_CXX_LIBRARY = "libc++";
				CLANG_ENABLE_MODULES = YES;
				CLANG_ENABLE_OBJC_ARC = YES;
				CLANG_WARN_BOOL_CONVERSION = YES;
				CLANG_WARN_CONSTANT_CONVERSION = YES;
				CLANG_WARN_DIRECT_OBJC_ISA_USAGE = YES_ERROR;
				CLANG_WARN_EMPTY_BODY = YES;
				CLANG_WARN_ENUM_CONVERSION = YES;
				CLANG_WARN_INT_CONVERSION = YES;
				CLANG_WARN_OBJC_ROOT_CLASS = YES_ERROR;
				CLANG_WARN__DUPLICATE_METHOD_MATCH = YES;
				"CODE_SIGN_IDENTITY[sdk=iphoneos*]" = "iPhone Developer";
				COPY_PHASE_STRIP = NO;
				GCC_C_LANGUAGE_STANDARD = gnu99;
				GCC_DYNAMIC_NO_PIC = NO;
				GCC_OPTIMIZATION_LEVEL = 0;
				GCC_PREPROCESSOR_DEFINITIONS = (
					"DEBUG=1",
					"$(inherited)",
				);
				GCC_SYMBOLS_PRIVATE_EXTERN = NO;
				GCC_WARN_64_TO_32_BIT_CONVERSION = YES;
				GCC_WARN_ABOUT_RETURN_TYPE = YES_ERROR;
				GCC_WARN_UNDECLARED_SELECTOR = YES;
				GCC_WARN_UNINITIALIZED_AUTOS = YES_AGGRESSIVE;
				GCC_WARN_UNUSED_FUNCTION = YES;
				GCC_WARN_UNUSED_VARIABLE = YES;
				IPHONEOS_DEPLOYMENT_TARGET = 7.1;
				ONLY_ACTIVE_ARCH = YES;
				SDKROOT = iphoneos;
			};
			name = Debug;
		};
		2FAB68C8190A26D50081D6B6 /* Release */ = {
			isa = XCBuildConfiguration;
			buildSettings = {
				ALWAYS_SEARCH_USER_PATHS = NO;
				CLANG_CXX_LANGUAGE_STANDARD = "gnu++0x";
				CLANG_CXX_LIBRARY = "libc++";
				CLANG_ENABLE_MODULES = YES;
				CLANG_ENABLE_OBJC_ARC = YES;
				CLANG_WARN_BOOL_CONVERSION = YES;
				CLANG_WARN_CONSTANT_CONVERSION = YES;
				CLANG_WARN_DIRECT_OBJC_ISA_USAGE = YES_ERROR;
				CLANG_WARN_EMPTY_BODY = YES;
				CLANG_WARN_ENUM_CONVERSION = YES;
				CLANG_WARN_INT_CONVERSION = YES;
				CLANG_WARN_OBJC_ROOT_CLASS = YES_ERROR;
				CLANG_WARN__DUPLICATE_METHOD_MATCH = YES;
				"CODE_SIGN_IDENTITY[sdk=iphoneos*]" = "iPhone Developer";
				COPY_PHASE_STRIP = YES;
				ENABLE_NS_ASSERTIONS = NO;
				GCC_C_LANGUAGE_STANDARD = gnu99;
				GCC_WARN_64_TO_32_BIT_CONVERSION = YES;
				GCC_WARN_ABOUT_RETURN_TYPE = YES_ERROR;
				GCC_WARN_UNDECLARED_SELECTOR = YES;
				GCC_WARN_UNINITIALIZED_AUTOS = YES_AGGRESSIVE;
				GCC_WARN_UNUSED_FUNCTION = YES;
				GCC_WARN_UNUSED_VARIABLE = YES;
				IPHONEOS_DEPLOYMENT_TARGET = 7.1;
				SDKROOT = iphoneos;
				VALIDATE_PRODUCT = YES;
			};
			name = Release;
		};
		2FAB68CA190A26D50081D6B6 /* Debug */ = {
			isa = XCBuildConfiguration;
			buildSettings = {
				ASSETCATALOG_COMPILER_APPICON_NAME = AppIcon;
				ASSETCATALOG_COMPILER_LAUNCHIMAGE_NAME = LaunchImage;
				GCC_PRECOMPILE_PREFIX_HEADER = YES;
				GCC_PREFIX_HEADER = "ManhattanEnglish/ManhattanEnglish-Prefix.pch";
				INFOPLIST_FILE = "ManhattanEnglish/ManhattanEnglish-Info.plist";
				IPHONEOS_DEPLOYMENT_TARGET = 6.0;
				PRODUCT_NAME = "$(TARGET_NAME)";
				WRAPPER_EXTENSION = app;
			};
			name = Debug;
		};
		2FAB68CB190A26D50081D6B6 /* Release */ = {
			isa = XCBuildConfiguration;
			buildSettings = {
				ASSETCATALOG_COMPILER_APPICON_NAME = AppIcon;
				ASSETCATALOG_COMPILER_LAUNCHIMAGE_NAME = LaunchImage;
				GCC_PRECOMPILE_PREFIX_HEADER = YES;
				GCC_PREFIX_HEADER = "ManhattanEnglish/ManhattanEnglish-Prefix.pch";
				INFOPLIST_FILE = "ManhattanEnglish/ManhattanEnglish-Info.plist";
				IPHONEOS_DEPLOYMENT_TARGET = 6.0;
				PRODUCT_NAME = "$(TARGET_NAME)";
				WRAPPER_EXTENSION = app;
			};
			name = Release;
		};
		2FAB68CD190A26D50081D6B6 /* Debug */ = {
			isa = XCBuildConfiguration;
			buildSettings = {
				BUNDLE_LOADER = "$(BUILT_PRODUCTS_DIR)/ManhattanEnglish.app/ManhattanEnglish";
				FRAMEWORK_SEARCH_PATHS = (
					"$(SDKROOT)/Developer/Library/Frameworks",
					"$(inherited)",
					"$(DEVELOPER_FRAMEWORKS_DIR)",
				);
				GCC_PRECOMPILE_PREFIX_HEADER = YES;
				GCC_PREFIX_HEADER = "ManhattanEnglish/ManhattanEnglish-Prefix.pch";
				GCC_PREPROCESSOR_DEFINITIONS = (
					"DEBUG=1",
					"$(inherited)",
				);
				INFOPLIST_FILE = "ManhattanEnglishTests/ManhattanEnglishTests-Info.plist";
				PRODUCT_NAME = "$(TARGET_NAME)";
				TEST_HOST = "$(BUNDLE_LOADER)";
				WRAPPER_EXTENSION = xctest;
			};
			name = Debug;
		};
		2FAB68CE190A26D50081D6B6 /* Release */ = {
			isa = XCBuildConfiguration;
			buildSettings = {
				BUNDLE_LOADER = "$(BUILT_PRODUCTS_DIR)/ManhattanEnglish.app/ManhattanEnglish";
				FRAMEWORK_SEARCH_PATHS = (
					"$(SDKROOT)/Developer/Library/Frameworks",
					"$(inherited)",
					"$(DEVELOPER_FRAMEWORKS_DIR)",
				);
				GCC_PRECOMPILE_PREFIX_HEADER = YES;
				GCC_PREFIX_HEADER = "ManhattanEnglish/ManhattanEnglish-Prefix.pch";
				INFOPLIST_FILE = "ManhattanEnglishTests/ManhattanEnglishTests-Info.plist";
				PRODUCT_NAME = "$(TARGET_NAME)";
				TEST_HOST = "$(BUNDLE_LOADER)";
				WRAPPER_EXTENSION = xctest;
			};
			name = Release;
		};
/* End XCBuildConfiguration section */

/* Begin XCConfigurationList section */
		2FAB6892190A26D40081D6B6 /* Build configuration list for PBXProject "ManhattanEnglish" */ = {
			isa = XCConfigurationList;
			buildConfigurations = (
				2FAB68C7190A26D50081D6B6 /* Debug */,
				2FAB68C8190A26D50081D6B6 /* Release */,
			);
			defaultConfigurationIsVisible = 0;
			defaultConfigurationName = Release;
		};
		2FAB68C9190A26D50081D6B6 /* Build configuration list for PBXNativeTarget "ManhattanEnglish" */ = {
			isa = XCConfigurationList;
			buildConfigurations = (
				2FAB68CA190A26D50081D6B6 /* Debug */,
				2FAB68CB190A26D50081D6B6 /* Release */,
			);
			defaultConfigurationIsVisible = 0;
			defaultConfigurationName = Release;
		};
		2FAB68CC190A26D50081D6B6 /* Build configuration list for PBXNativeTarget "ManhattanEnglishTests" */ = {
			isa = XCConfigurationList;
			buildConfigurations = (
				2FAB68CD190A26D50081D6B6 /* Debug */,
				2FAB68CE190A26D50081D6B6 /* Release */,
			);
			defaultConfigurationIsVisible = 0;
			defaultConfigurationName = Release;
		};
/* End XCConfigurationList section */
	};
	rootObject = 2FAB688F190A26D40081D6B6 /* Project object */;
}
