// !$*UTF8*$!
{
	archiveVersion = 1;
	classes = {
	};
	objectVersion = 46;
	objects = {

/* Begin PBXBuildFile section */
		2F739C97190FF4C000FE2608 /* Backup.storyboard in Resources */ = {isa = PBXBuildFile; fileRef = 2F739C96190FF4C000FE2608 /* Backup.storyboard */; };
		2FAB689B190A26D40081D6B6 /* Foundation.framework in Frameworks */ = {isa = PBXBuildFile; fileRef = 2FAB689A190A26D40081D6B6 /* Foundation.framework */; };
		2FAB689D190A26D40081D6B6 /* CoreGraphics.framework in Frameworks */ = {isa = PBXBuildFile; fileRef = 2FAB689C190A26D40081D6B6 /* CoreGraphics.framework */; };
		2FAB689F190A26D40081D6B6 /* UIKit.framework in Frameworks */ = {isa = PBXBuildFile; fileRef = 2FAB689E190A26D40081D6B6 /* UIKit.framework */; };
		2FAB68A5190A26D40081D6B6 /* InfoPlist.strings in Resources */ = {isa = PBXBuildFile; fileRef = 2FAB68A3190A26D40081D6B6 /* InfoPlist.strings */; };
		2FAB68A7190A26D40081D6B6 /* main.m in Sources */ = {isa = PBXBuildFile; fileRef = 2FAB68A6190A26D40081D6B6 /* main.m */; };
		2FAB68AB190A26D40081D6B6 /* AppDelegate.m in Sources */ = {isa = PBXBuildFile; fileRef = 2FAB68AA190A26D40081D6B6 /* AppDelegate.m */; };
		2FAB68B3190A26D40081D6B6 /* Images.xcassets in Resources */ = {isa = PBXBuildFile; fileRef = 2FAB68B2190A26D40081D6B6 /* Images.xcassets */; };
		2FAB68BA190A26D40081D6B6 /* XCTest.framework in Frameworks */ = {isa = PBXBuildFile; fileRef = 2FAB68B9190A26D40081D6B6 /* XCTest.framework */; };
		2FAB68BB190A26D40081D6B6 /* Foundation.framework in Frameworks */ = {isa = PBXBuildFile; fileRef = 2FAB689A190A26D40081D6B6 /* Foundation.framework */; };
		2FAB68BC190A26D40081D6B6 /* UIKit.framework in Frameworks */ = {isa = PBXBuildFile; fileRef = 2FAB689E190A26D40081D6B6 /* UIKit.framework */; };
		2FAB68C4190A26D40081D6B6 /* InfoPlist.strings in Resources */ = {isa = PBXBuildFile; fileRef = 2FAB68C2190A26D40081D6B6 /* InfoPlist.strings */; };
		2FAB68C6190A26D50081D6B6 /* ManhattanEnglishTests.m in Sources */ = {isa = PBXBuildFile; fileRef = 2FAB68C5190A26D50081D6B6 /* ManhattanEnglishTests.m */; };
		37348C32190CE76F007605DA /* HelpViewController.m in Sources */ = {isa = PBXBuildFile; fileRef = 37348C30190CE76F007605DA /* HelpViewController.m */; };
		37348C33190CE76F007605DA /* HelpViewController.xib in Resources */ = {isa = PBXBuildFile; fileRef = 37348C31190CE76F007605DA /* HelpViewController.xib */; };
		37348C36190CE79E007605DA /* ViewUtil.m in Sources */ = {isa = PBXBuildFile; fileRef = 37348C35190CE79E007605DA /* ViewUtil.m */; };
		37348C3C190CE880007605DA /* CommonService.m in Sources */ = {isa = PBXBuildFile; fileRef = 37348C3B190CE880007605DA /* CommonService.m */; };
		37348C4A190CF1AA007605DA /* Main.storyboard in Resources */ = {isa = PBXBuildFile; fileRef = 37348C44190CF10E007605DA /* Main.storyboard */; };
		37348C4D190CF6E8007605DA /* LoginViewController.m in Sources */ = {isa = PBXBuildFile; fileRef = 37348C4C190CF6E8007605DA /* LoginViewController.m */; };
		37348C50190CF95A007605DA /* RegisterViewController.m in Sources */ = {isa = PBXBuildFile; fileRef = 37348C4F190CF95A007605DA /* RegisterViewController.m */; };
		37348C5A190CFD5E007605DA /* logo.png in Resources */ = {isa = PBXBuildFile; fileRef = 37348C53190CFD5E007605DA /* logo.png */; };
		37348C5B190CFD5E007605DA /* mm.png in Resources */ = {isa = PBXBuildFile; fileRef = 37348C54190CFD5E007605DA /* mm.png */; };
		37348C5C190CFD5E007605DA /* no.png in Resources */ = {isa = PBXBuildFile; fileRef = 37348C55190CFD5E007605DA /* no.png */; };
		37348C5D190CFD5E007605DA /* ok.png in Resources */ = {isa = PBXBuildFile; fileRef = 37348C56190CFD5E007605DA /* ok.png */; };
		37348C5E190CFD5E007605DA /* Push-button.png in Resources */ = {isa = PBXBuildFile; fileRef = 37348C57190CFD5E007605DA /* Push-button.png */; };
		37348C5F190CFD5E007605DA /* sj.png in Resources */ = {isa = PBXBuildFile; fileRef = 37348C58190CFD5E007605DA /* sj.png */; };
		37348C60190CFD5E007605DA /* tx.png in Resources */ = {isa = PBXBuildFile; fileRef = 37348C59190CFD5E007605DA /* tx.png */; };
		37348C64190D0172007605DA /* BaseViewController.m in Sources */ = {isa = PBXBuildFile; fileRef = 37348C63190D0172007605DA /* BaseViewController.m */; };
		37348C6C190D0307007605DA /* back.png in Resources */ = {isa = PBXBuildFile; fileRef = 37348C66190D0307007605DA /* back.png */; };
		37348C6D190D0307007605DA /* button-ok.png in Resources */ = {isa = PBXBuildFile; fileRef = 37348C67190D0307007605DA /* button-ok.png */; };
		37348C6E190D0307007605DA /* button.png in Resources */ = {isa = PBXBuildFile; fileRef = 37348C68190D0307007605DA /* button.png */; };
		37348C6F190D0307007605DA /* my.png in Resources */ = {isa = PBXBuildFile; fileRef = 37348C69190D0307007605DA /* my.png */; };
		37348C70190D0307007605DA /* Navigation-Bar.png in Resources */ = {isa = PBXBuildFile; fileRef = 37348C6A190D0307007605DA /* Navigation-Bar.png */; };
		37348C71190D0307007605DA /* Navigation-Bar_6.png in Resources */ = {isa = PBXBuildFile; fileRef = 37348C6B190D0307007605DA /* Navigation-Bar_6.png */; };
		37348C74190D1109007605DA /* hq.png in Resources */ = {isa = PBXBuildFile; fileRef = 37348C72190D1109007605DA /* hq.png */; };
		37348C75190D1109007605DA /* xz.png in Resources */ = {isa = PBXBuildFile; fileRef = 37348C73190D1109007605DA /* xz.png */; };
		37348C77190D14B6007605DA /* register_btn_p.png in Resources */ = {isa = PBXBuildFile; fileRef = 37348C76190D14B6007605DA /* register_btn_p.png */; };
		37348C79190D14C6007605DA /* register_btn_n.png in Resources */ = {isa = PBXBuildFile; fileRef = 37348C78190D14C6007605DA /* register_btn_n.png */; };
		37348C7C190D1815007605DA /* FindPWViewController.m in Sources */ = {isa = PBXBuildFile; fileRef = 37348C7B190D1815007605DA /* FindPWViewController.m */; };
		37348C80190D3F46007605DA /* MoreViewController.m in Sources */ = {isa = PBXBuildFile; fileRef = 37348C7F190D3F46007605DA /* MoreViewController.m */; };
		37348C83190D3F6A007605DA /* AboutViewController.m in Sources */ = {isa = PBXBuildFile; fileRef = 37348C82190D3F6A007605DA /* AboutViewController.m */; };
		37348C86190D3FA3007605DA /* ContactUsViewController.m in Sources */ = {isa = PBXBuildFile; fileRef = 37348C85190D3FA3007605DA /* ContactUsViewController.m */; };
		37348C88190D4150007605DA /* AboutViewController.xib in Resources */ = {isa = PBXBuildFile; fileRef = 37348C87190D4150007605DA /* AboutViewController.xib */; };
		37348C8A190D415F007605DA /* ContactUsViewController.xib in Resources */ = {isa = PBXBuildFile; fileRef = 37348C89190D415F007605DA /* ContactUsViewController.xib */; };
/* End PBXBuildFile section */

/* Begin PBXContainerItemProxy section */
		2FAB68BD190A26D40081D6B6 /* PBXContainerItemProxy */ = {
			isa = PBXContainerItemProxy;
			containerPortal = 2FAB688F190A26D40081D6B6 /* Project object */;
			proxyType = 1;
			remoteGlobalIDString = 2FAB6896190A26D40081D6B6;
			remoteInfo = ManhattanEnglish;
		};
/* End PBXContainerItemProxy section */

/* Begin PBXFileReference section */
		2F739C96190FF4C000FE2608 /* Backup.storyboard */ = {isa = PBXFileReference; fileEncoding = 4; lastKnownFileType = file.storyboard; path = Backup.storyboard; sourceTree = "<group>"; };
		2FAB6897190A26D40081D6B6 /* ManhattanEnglish.app */ = {isa = PBXFileReference; explicitFileType = wrapper.application; includeInIndex = 0; path = ManhattanEnglish.app; sourceTree = BUILT_PRODUCTS_DIR; };
		2FAB689A190A26D40081D6B6 /* Foundation.framework */ = {isa = PBXFileReference; lastKnownFileType = wrapper.framework; name = Foundation.framework; path = System/Library/Frameworks/Foundation.framework; sourceTree = SDKROOT; };
		2FAB689C190A26D40081D6B6 /* CoreGraphics.framework */ = {isa = PBXFileReference; lastKnownFileType = wrapper.framework; name = CoreGraphics.framework; path = System/Library/Frameworks/CoreGraphics.framework; sourceTree = SDKROOT; };
		2FAB689E190A26D40081D6B6 /* UIKit.framework */ = {isa = PBXFileReference; lastKnownFileType = wrapper.framework; name = UIKit.framework; path = System/Library/Frameworks/UIKit.framework; sourceTree = SDKROOT; };
		2FAB68A2190A26D40081D6B6 /* ManhattanEnglish-Info.plist */ = {isa = PBXFileReference; lastKnownFileType = text.plist.xml; path = "ManhattanEnglish-Info.plist"; sourceTree = "<group>"; };
		2FAB68A4190A26D40081D6B6 /* en */ = {isa = PBXFileReference; lastKnownFileType = text.plist.strings; name = en; path = en.lproj/InfoPlist.strings; sourceTree = "<group>"; };
		2FAB68A6190A26D40081D6B6 /* main.m */ = {isa = PBXFileReference; lastKnownFileType = sourcecode.c.objc; path = main.m; sourceTree = "<group>"; };
		2FAB68A8190A26D40081D6B6 /* ManhattanEnglish-Prefix.pch */ = {isa = PBXFileReference; lastKnownFileType = sourcecode.c.h; path = "ManhattanEnglish-Prefix.pch"; sourceTree = "<group>"; };
		2FAB68A9190A26D40081D6B6 /* AppDelegate.h */ = {isa = PBXFileReference; lastKnownFileType = sourcecode.c.h; path = AppDelegate.h; sourceTree = "<group>"; };
		2FAB68AA190A26D40081D6B6 /* AppDelegate.m */ = {isa = PBXFileReference; lastKnownFileType = sourcecode.c.objc; path = AppDelegate.m; sourceTree = "<group>"; };
		2FAB68B2190A26D40081D6B6 /* Images.xcassets */ = {isa = PBXFileReference; lastKnownFileType = folder.assetcatalog; path = Images.xcassets; sourceTree = "<group>"; };
		2FAB68B8190A26D40081D6B6 /* ManhattanEnglishTests.xctest */ = {isa = PBXFileReference; explicitFileType = wrapper.cfbundle; includeInIndex = 0; path = ManhattanEnglishTests.xctest; sourceTree = BUILT_PRODUCTS_DIR; };
		2FAB68B9190A26D40081D6B6 /* XCTest.framework */ = {isa = PBXFileReference; lastKnownFileType = wrapper.framework; name = XCTest.framework; path = Library/Frameworks/XCTest.framework; sourceTree = DEVELOPER_DIR; };
		2FAB68C1190A26D40081D6B6 /* ManhattanEnglishTests-Info.plist */ = {isa = PBXFileReference; lastKnownFileType = text.plist.xml; path = "ManhattanEnglishTests-Info.plist"; sourceTree = "<group>"; };
		2FAB68C3190A26D40081D6B6 /* en */ = {isa = PBXFileReference; lastKnownFileType = text.plist.strings; name = en; path = en.lproj/InfoPlist.strings; sourceTree = "<group>"; };
		2FAB68C5190A26D50081D6B6 /* ManhattanEnglishTests.m */ = {isa = PBXFileReference; lastKnownFileType = sourcecode.c.objc; path = ManhattanEnglishTests.m; sourceTree = "<group>"; };
		37348C2F190CE76F007605DA /* HelpViewController.h */ = {isa = PBXFileReference; fileEncoding = 4; lastKnownFileType = sourcecode.c.h; path = HelpViewController.h; sourceTree = "<group>"; };
		37348C30190CE76F007605DA /* HelpViewController.m */ = {isa = PBXFileReference; fileEncoding = 4; lastKnownFileType = sourcecode.c.objc; path = HelpViewController.m; sourceTree = "<group>"; };
		37348C31190CE76F007605DA /* HelpViewController.xib */ = {isa = PBXFileReference; fileEncoding = 4; lastKnownFileType = file.xib; path = HelpViewController.xib; sourceTree = "<group>"; };
		37348C34190CE79E007605DA /* ViewUtil.h */ = {isa = PBXFileReference; fileEncoding = 4; lastKnownFileType = sourcecode.c.h; path = ViewUtil.h; sourceTree = "<group>"; };
		37348C35190CE79E007605DA /* ViewUtil.m */ = {isa = PBXFileReference; fileEncoding = 4; lastKnownFileType = sourcecode.c.objc; path = ViewUtil.m; sourceTree = "<group>"; };
		37348C3A190CE880007605DA /* CommonService.h */ = {isa = PBXFileReference; fileEncoding = 4; lastKnownFileType = sourcecode.c.h; path = CommonService.h; sourceTree = "<group>"; };
		37348C3B190CE880007605DA /* CommonService.m */ = {isa = PBXFileReference; fileEncoding = 4; lastKnownFileType = sourcecode.c.objc; path = CommonService.m; sourceTree = "<group>"; };
		37348C3D190CEA5B007605DA /* GlobalDefine.h */ = {isa = PBXFileReference; fileEncoding = 4; lastKnownFileType = sourcecode.c.h; path = GlobalDefine.h; sourceTree = "<group>"; };
		37348C3E190CEA5B007605DA /* GlobalFrameDefine.h */ = {isa = PBXFileReference; fileEncoding = 4; lastKnownFileType = sourcecode.c.h; path = GlobalFrameDefine.h; sourceTree = "<group>"; };
		37348C3F190CEA5B007605DA /* GlobalImageDefine.h */ = {isa = PBXFileReference; fileEncoding = 4; lastKnownFileType = sourcecode.c.h; path = GlobalImageDefine.h; sourceTree = "<group>"; };
		37348C40190CEA5B007605DA /* GlobalStringDefine.h */ = {isa = PBXFileReference; fileEncoding = 4; lastKnownFileType = sourcecode.c.h; path = GlobalStringDefine.h; sourceTree = "<group>"; };
		37348C41190CEA5B007605DA /* GlobalOpenDefine.h */ = {isa = PBXFileReference; fileEncoding = 4; lastKnownFileType = sourcecode.c.h; path = GlobalOpenDefine.h; sourceTree = "<group>"; };
		37348C42190CEA5B007605DA /* GlobalErrorDefine.h */ = {isa = PBXFileReference; fileEncoding = 4; lastKnownFileType = sourcecode.c.h; path = GlobalErrorDefine.h; sourceTree = "<group>"; };
		37348C45190CF10E007605DA /* Base */ = {isa = PBXFileReference; lastKnownFileType = file.storyboard; name = Base; path = Base.lproj/Main.storyboard; sourceTree = "<group>"; };
		37348C49190CF189007605DA /* en */ = {isa = PBXFileReference; lastKnownFileType = text.plist.strings; name = en; path = en.lproj/Main.strings; sourceTree = "<group>"; };
		37348C4B190CF6E8007605DA /* LoginViewController.h */ = {isa = PBXFileReference; fileEncoding = 4; lastKnownFileType = sourcecode.c.h; path = LoginViewController.h; sourceTree = "<group>"; };
		37348C4C190CF6E8007605DA /* LoginViewController.m */ = {isa = PBXFileReference; fileEncoding = 4; lastKnownFileType = sourcecode.c.objc; path = LoginViewController.m; sourceTree = "<group>"; };
		37348C4E190CF95A007605DA /* RegisterViewController.h */ = {isa = PBXFileReference; fileEncoding = 4; lastKnownFileType = sourcecode.c.h; path = RegisterViewController.h; sourceTree = "<group>"; };
		37348C4F190CF95A007605DA /* RegisterViewController.m */ = {isa = PBXFileReference; fileEncoding = 4; lastKnownFileType = sourcecode.c.objc; path = RegisterViewController.m; sourceTree = "<group>"; };
		37348C53190CFD5E007605DA /* logo.png */ = {isa = PBXFileReference; lastKnownFileType = image.png; path = logo.png; sourceTree = "<group>"; };
		37348C54190CFD5E007605DA /* mm.png */ = {isa = PBXFileReference; lastKnownFileType = image.png; path = mm.png; sourceTree = "<group>"; };
		37348C55190CFD5E007605DA /* no.png */ = {isa = PBXFileReference; lastKnownFileType = image.png; path = no.png; sourceTree = "<group>"; };
		37348C56190CFD5E007605DA /* ok.png */ = {isa = PBXFileReference; lastKnownFileType = image.png; path = ok.png; sourceTree = "<group>"; };
		37348C57190CFD5E007605DA /* Push-button.png */ = {isa = PBXFileReference; lastKnownFileType = image.png; path = "Push-button.png"; sourceTree = "<group>"; };
		37348C58190CFD5E007605DA /* sj.png */ = {isa = PBXFileReference; lastKnownFileType = image.png; path = sj.png; sourceTree = "<group>"; };
		37348C59190CFD5E007605DA /* tx.png */ = {isa = PBXFileReference; lastKnownFileType = image.png; path = tx.png; sourceTree = "<group>"; };
		37348C62190D0172007605DA /* BaseViewController.h */ = {isa = PBXFileReference; fileEncoding = 4; lastKnownFileType = sourcecode.c.h; path = BaseViewController.h; sourceTree = "<group>"; };
		37348C63190D0172007605DA /* BaseViewController.m */ = {isa = PBXFileReference; fileEncoding = 4; lastKnownFileType = sourcecode.c.objc; path = BaseViewController.m; sourceTree = "<group>"; };
		37348C66190D0307007605DA /* back.png */ = {isa = PBXFileReference; lastKnownFileType = image.png; path = back.png; sourceTree = "<group>"; };
		37348C67190D0307007605DA /* button-ok.png */ = {isa = PBXFileReference; lastKnownFileType = image.png; path = "button-ok.png"; sourceTree = "<group>"; };
		37348C68190D0307007605DA /* button.png */ = {isa = PBXFileReference; lastKnownFileType = image.png; path = button.png; sourceTree = "<group>"; };
		37348C69190D0307007605DA /* my.png */ = {isa = PBXFileReference; lastKnownFileType = image.png; path = my.png; sourceTree = "<group>"; };
		37348C6A190D0307007605DA /* Navigation-Bar.png */ = {isa = PBXFileReference; lastKnownFileType = image.png; path = "Navigation-Bar.png"; sourceTree = "<group>"; };
		37348C6B190D0307007605DA /* Navigation-Bar_6.png */ = {isa = PBXFileReference; lastKnownFileType = image.png; path = "Navigation-Bar_6.png"; sourceTree = "<group>"; };
		37348C72190D1109007605DA /* hq.png */ = {isa = PBXFileReference; lastKnownFileType = image.png; path = hq.png; sourceTree = "<group>"; };
		37348C73190D1109007605DA /* xz.png */ = {isa = PBXFileReference; lastKnownFileType = image.png; path = xz.png; sourceTree = "<group>"; };
		37348C76190D14B6007605DA /* register_btn_p.png */ = {isa = PBXFileReference; lastKnownFileType = image.png; path = register_btn_p.png; sourceTree = "<group>"; };
		37348C78190D14C6007605DA /* register_btn_n.png */ = {isa = PBXFileReference; lastKnownFileType = image.png; path = register_btn_n.png; sourceTree = "<group>"; };
		37348C7A190D1815007605DA /* FindPWViewController.h */ = {isa = PBXFileReference; fileEncoding = 4; lastKnownFileType = sourcecode.c.h; path = FindPWViewController.h; sourceTree = "<group>"; };
		37348C7B190D1815007605DA /* FindPWViewController.m */ = {isa = PBXFileReference; fileEncoding = 4; lastKnownFileType = sourcecode.c.objc; path = FindPWViewController.m; sourceTree = "<group>"; };
		37348C7E190D3F46007605DA /* MoreViewController.h */ = {isa = PBXFileReference; fileEncoding = 4; lastKnownFileType = sourcecode.c.h; path = MoreViewController.h; sourceTree = "<group>"; };
		37348C7F190D3F46007605DA /* MoreViewController.m */ = {isa = PBXFileReference; fileEncoding = 4; lastKnownFileType = sourcecode.c.objc; path = MoreViewController.m; sourceTree = "<group>"; };
		37348C81190D3F6A007605DA /* AboutViewController.h */ = {isa = PBXFileReference; fileEncoding = 4; lastKnownFileType = sourcecode.c.h; path = AboutViewController.h; sourceTree = "<group>"; };
		37348C82190D3F6A007605DA /* AboutViewController.m */ = {isa = PBXFileReference; fileEncoding = 4; lastKnownFileType = sourcecode.c.objc; path = AboutViewController.m; sourceTree = "<group>"; };
		37348C84190D3FA3007605DA /* ContactUsViewController.h */ = {isa = PBXFileReference; fileEncoding = 4; lastKnownFileType = sourcecode.c.h; path = ContactUsViewController.h; sourceTree = "<group>"; };
		37348C85190D3FA3007605DA /* ContactUsViewController.m */ = {isa = PBXFileReference; fileEncoding = 4; lastKnownFileType = sourcecode.c.objc; path = ContactUsViewController.m; sourceTree = "<group>"; };
		37348C87190D4150007605DA /* AboutViewController.xib */ = {isa = PBXFileReference; fileEncoding = 4; lastKnownFileType = file.xib; path = AboutViewController.xib; sourceTree = "<group>"; };
		37348C89190D415F007605DA /* ContactUsViewController.xib */ = {isa = PBXFileReference; fileEncoding = 4; lastKnownFileType = file.xib; path = ContactUsViewController.xib; sourceTree = "<group>"; };
/* End PBXFileReference section */

/* Begin PBXFrameworksBuildPhase section */
		2FAB6894190A26D40081D6B6 /* Frameworks */ = {
			isa = PBXFrameworksBuildPhase;
			buildActionMask = 2147483647;
			files = (
				2FAB689D190A26D40081D6B6 /* CoreGraphics.framework in Frameworks */,
				2FAB689F190A26D40081D6B6 /* UIKit.framework in Frameworks */,
				2FAB689B190A26D40081D6B6 /* Foundation.framework in Frameworks */,
			);
			runOnlyForDeploymentPostprocessing = 0;
		};
		2FAB68B5190A26D40081D6B6 /* Frameworks */ = {
			isa = PBXFrameworksBuildPhase;
			buildActionMask = 2147483647;
			files = (
				2FAB68BA190A26D40081D6B6 /* XCTest.framework in Frameworks */,
				2FAB68BC190A26D40081D6B6 /* UIKit.framework in Frameworks */,
				2FAB68BB190A26D40081D6B6 /* Foundation.framework in Frameworks */,
			);
			runOnlyForDeploymentPostprocessing = 0;
		};
/* End PBXFrameworksBuildPhase section */

/* Begin PBXGroup section */
		2FAB688E190A26D40081D6B6 = {
			isa = PBXGroup;
			children = (
				2FAB68A0190A26D40081D6B6 /* ManhattanEnglish */,
				2FAB68BF190A26D40081D6B6 /* ManhattanEnglishTests */,
				2FAB6899190A26D40081D6B6 /* Frameworks */,
				2FAB6898190A26D40081D6B6 /* Products */,
			);
			sourceTree = "<group>";
		};
		2FAB6898190A26D40081D6B6 /* Products */ = {
			isa = PBXGroup;
			children = (
				2FAB6897190A26D40081D6B6 /* ManhattanEnglish.app */,
				2FAB68B8190A26D40081D6B6 /* ManhattanEnglishTests.xctest */,
			);
			name = Products;
			sourceTree = "<group>";
		};
		2FAB6899190A26D40081D6B6 /* Frameworks */ = {
			isa = PBXGroup;
			children = (
				2FAB689A190A26D40081D6B6 /* Foundation.framework */,
				2FAB689C190A26D40081D6B6 /* CoreGraphics.framework */,
				2FAB689E190A26D40081D6B6 /* UIKit.framework */,
				2FAB68B9190A26D40081D6B6 /* XCTest.framework */,
			);
			name = Frameworks;
			sourceTree = "<group>";
		};
		2FAB68A0190A26D40081D6B6 /* ManhattanEnglish */ = {
			isa = PBXGroup;
			children = (
				2FAB68A9190A26D40081D6B6 /* AppDelegate.h */,
				2FAB68AA190A26D40081D6B6 /* AppDelegate.m */,
				37348C44190CF10E007605DA /* Main.storyboard */,
				2F739C96190FF4C000FE2608 /* Backup.storyboard */,
				37348C27190CE691007605DA /* Define */,
				37348C28190CE691007605DA /* Model */,
				37348C2D190CE691007605DA /* ViewController */,
				37348C2C190CE691007605DA /* Util */,
				37348C2B190CE691007605DA /* Service */,
				37348C2A190CE691007605DA /* Resource */,
				37348C29190CE691007605DA /* OtherSource */,
				2FAB68B2190A26D40081D6B6 /* Images.xcassets */,
				2FAB68A1190A26D40081D6B6 /* Supporting Files */,
			);
			path = ManhattanEnglish;
			sourceTree = "<group>";
		};
		2FAB68A1190A26D40081D6B6 /* Supporting Files */ = {
			isa = PBXGroup;
			children = (
				2FAB68A2190A26D40081D6B6 /* ManhattanEnglish-Info.plist */,
				2FAB68A3190A26D40081D6B6 /* InfoPlist.strings */,
				2FAB68A6190A26D40081D6B6 /* main.m */,
				2FAB68A8190A26D40081D6B6 /* ManhattanEnglish-Prefix.pch */,
			);
			name = "Supporting Files";
			sourceTree = "<group>";
		};
		2FAB68BF190A26D40081D6B6 /* ManhattanEnglishTests */ = {
			isa = PBXGroup;
			children = (
				2FAB68C5190A26D50081D6B6 /* ManhattanEnglishTests.m */,
				2FAB68C0190A26D40081D6B6 /* Supporting Files */,
			);
			path = ManhattanEnglishTests;
			sourceTree = "<group>";
		};
		2FAB68C0190A26D40081D6B6 /* Supporting Files */ = {
			isa = PBXGroup;
			children = (
				2FAB68C1190A26D40081D6B6 /* ManhattanEnglishTests-Info.plist */,
				2FAB68C2190A26D40081D6B6 /* InfoPlist.strings */,
			);
			name = "Supporting Files";
			sourceTree = "<group>";
		};
		37348C27190CE691007605DA /* Define */ = {
			isa = PBXGroup;
			children = (
				37348C3D190CEA5B007605DA /* GlobalDefine.h */,
				37348C3E190CEA5B007605DA /* GlobalFrameDefine.h */,
				37348C3F190CEA5B007605DA /* GlobalImageDefine.h */,
				37348C40190CEA5B007605DA /* GlobalStringDefine.h */,
				37348C41190CEA5B007605DA /* GlobalOpenDefine.h */,
				37348C42190CEA5B007605DA /* GlobalErrorDefine.h */,
			);
			path = Define;
			sourceTree = "<group>";
		};
		37348C28190CE691007605DA /* Model */ = {
			isa = PBXGroup;
			children = (
			);
			path = Model;
			sourceTree = "<group>";
		};
		37348C29190CE691007605DA /* OtherSource */ = {
			isa = PBXGroup;
			children = (
			);
			path = OtherSource;
			sourceTree = "<group>";
		};
		37348C2A190CE691007605DA /* Resource */ = {
			isa = PBXGroup;
			children = (
				37348C51190CFD5E007605DA /* Images */,
			);
			path = Resource;
			sourceTree = "<group>";
		};
		37348C2B190CE691007605DA /* Service */ = {
			isa = PBXGroup;
			children = (
				37348C39190CE869007605DA /* Cmn */,
			);
			path = Service;
			sourceTree = "<group>";
		};
		37348C2C190CE691007605DA /* Util */ = {
			isa = PBXGroup;
			children = (
				37348C34190CE79E007605DA /* ViewUtil.h */,
				37348C35190CE79E007605DA /* ViewUtil.m */,
			);
			path = Util;
			sourceTree = "<group>";
		};
		37348C2D190CE691007605DA /* ViewController */ = {
			isa = PBXGroup;
			children = (
				37348C7D190D3EFB007605DA /* Mor */,
				37348C61190D0159007605DA /* Cmn */,
				37348C2E190CE6CB007605DA /* Lgn */,
			);
			path = ViewController;
			sourceTree = "<group>";
		};
		37348C2E190CE6CB007605DA /* Lgn */ = {
			isa = PBXGroup;
			children = (
				37348C2F190CE76F007605DA /* HelpViewController.h */,
				37348C30190CE76F007605DA /* HelpViewController.m */,
				37348C31190CE76F007605DA /* HelpViewController.xib */,
				37348C4B190CF6E8007605DA /* LoginViewController.h */,
				37348C4C190CF6E8007605DA /* LoginViewController.m */,
				37348C4E190CF95A007605DA /* RegisterViewController.h */,
				37348C4F190CF95A007605DA /* RegisterViewController.m */,
				37348C7A190D1815007605DA /* FindPWViewController.h */,
				37348C7B190D1815007605DA /* FindPWViewController.m */,
			);
			path = Lgn;
			sourceTree = "<group>";
		};
		37348C39190CE869007605DA /* Cmn */ = {
			isa = PBXGroup;
			children = (
				37348C3A190CE880007605DA /* CommonService.h */,
				37348C3B190CE880007605DA /* CommonService.m */,
			);
			path = Cmn;
			sourceTree = "<group>";
		};
		37348C51190CFD5E007605DA /* Images */ = {
			isa = PBXGroup;
			children = (
				37348C65190D0307007605DA /* Cmn */,
				37348C52190CFD5E007605DA /* Lgn */,
			);
			path = Images;
			sourceTree = "<group>";
		};
		37348C52190CFD5E007605DA /* Lgn */ = {
			isa = PBXGroup;
			children = (
				37348C78190D14C6007605DA /* register_btn_n.png */,
				37348C76190D14B6007605DA /* register_btn_p.png */,
				37348C72190D1109007605DA /* hq.png */,
				37348C73190D1109007605DA /* xz.png */,
				37348C53190CFD5E007605DA /* logo.png */,
				37348C54190CFD5E007605DA /* mm.png */,
				37348C55190CFD5E007605DA /* no.png */,
				37348C56190CFD5E007605DA /* ok.png */,
				37348C57190CFD5E007605DA /* Push-button.png */,
				37348C58190CFD5E007605DA /* sj.png */,
				37348C59190CFD5E007605DA /* tx.png */,
			);
			path = Lgn;
			sourceTree = "<group>";
		};
		37348C61190D0159007605DA /* Cmn */ = {
			isa = PBXGroup;
			children = (
				37348C62190D0172007605DA /* BaseViewController.h */,
				37348C63190D0172007605DA /* BaseViewController.m */,
			);
			path = Cmn;
			sourceTree = "<group>";
		};
		37348C65190D0307007605DA /* Cmn */ = {
			isa = PBXGroup;
			children = (
				37348C66190D0307007605DA /* back.png */,
				37348C67190D0307007605DA /* button-ok.png */,
				37348C68190D0307007605DA /* button.png */,
				37348C69190D0307007605DA /* my.png */,
				37348C6A190D0307007605DA /* Navigation-Bar.png */,
				37348C6B190D0307007605DA /* Navigation-Bar_6.png */,
			);
			path = Cmn;
			sourceTree = "<group>";
		};
		37348C7D190D3EFB007605DA /* Mor */ = {
			isa = PBXGroup;
			children = (
				37348C7E190D3F46007605DA /* MoreViewController.h */,
				37348C7F190D3F46007605DA /* MoreViewController.m */,
				37348C81190D3F6A007605DA /* AboutViewController.h */,
				37348C82190D3F6A007605DA /* AboutViewController.m */,
				37348C87190D4150007605DA /* AboutViewController.xib */,
				37348C84190D3FA3007605DA /* ContactUsViewController.h */,
				37348C85190D3FA3007605DA /* ContactUsViewController.m */,
				37348C89190D415F007605DA /* ContactUsViewController.xib */,
			);
			path = Mor;
			sourceTree = "<group>";
		};
/* End PBXGroup section */

/* Begin PBXNativeTarget section */
		2FAB6896190A26D40081D6B6 /* ManhattanEnglish */ = {
			isa = PBXNativeTarget;
			buildConfigurationList = 2FAB68C9190A26D50081D6B6 /* Build configuration list for PBXNativeTarget "ManhattanEnglish" */;
			buildPhases = (
				2FAB6893190A26D40081D6B6 /* Sources */,
				2FAB6894190A26D40081D6B6 /* Frameworks */,
				2FAB6895190A26D40081D6B6 /* Resources */,
			);
			buildRules = (
			);
			dependencies = (
			);
			name = ManhattanEnglish;
			productName = ManhattanEnglish;
			productReference = 2FAB6897190A26D40081D6B6 /* ManhattanEnglish.app */;
			productType = "com.apple.product-type.application";
		};
		2FAB68B7190A26D40081D6B6 /* ManhattanEnglishTests */ = {
			isa = PBXNativeTarget;
			buildConfigurationList = 2FAB68CC190A26D50081D6B6 /* Build configuration list for PBXNativeTarget "ManhattanEnglishTests" */;
			buildPhases = (
				2FAB68B4190A26D40081D6B6 /* Sources */,
				2FAB68B5190A26D40081D6B6 /* Frameworks */,
				2FAB68B6190A26D40081D6B6 /* Resources */,
			);
			buildRules = (
			);
			dependencies = (
				2FAB68BE190A26D40081D6B6 /* PBXTargetDependency */,
			);
			name = ManhattanEnglishTests;
			productName = ManhattanEnglishTests;
			productReference = 2FAB68B8190A26D40081D6B6 /* ManhattanEnglishTests.xctest */;
			productType = "com.apple.product-type.bundle.unit-test";
		};
/* End PBXNativeTarget section */

/* Begin PBXProject section */
		2FAB688F190A26D40081D6B6 /* Project object */ = {
			isa = PBXProject;
			attributes = {
				LastUpgradeCheck = 0510;
				ORGANIZATIONNAME = 8hinfo;
				TargetAttributes = {
					2FAB68B7190A26D40081D6B6 = {
						TestTargetID = 2FAB6896190A26D40081D6B6;
					};
				};
			};
			buildConfigurationList = 2FAB6892190A26D40081D6B6 /* Build configuration list for PBXProject "ManhattanEnglish" */;
			compatibilityVersion = "Xcode 3.2";
			developmentRegion = English;
			hasScannedForEncodings = 0;
			knownRegions = (
				en,
				Base,
			);
			mainGroup = 2FAB688E190A26D40081D6B6;
			productRefGroup = 2FAB6898190A26D40081D6B6 /* Products */;
			projectDirPath = "";
			projectRoot = "";
			targets = (
				2FAB6896190A26D40081D6B6 /* ManhattanEnglish */,
				2FAB68B7190A26D40081D6B6 /* ManhattanEnglishTests */,
			);
		};
/* End PBXProject section */

/* Begin PBXResourcesBuildPhase section */
		2FAB6895190A26D40081D6B6 /* Resources */ = {
			isa = PBXResourcesBuildPhase;
			buildActionMask = 2147483647;
			files = (
				37348C5F190CFD5E007605DA /* sj.png in Resources */,
				37348C6D190D0307007605DA /* button-ok.png in Resources */,
				37348C4A190CF1AA007605DA /* Main.storyboard in Resources */,
				37348C5B190CFD5E007605DA /* mm.png in Resources */,
				37348C5A190CFD5E007605DA /* logo.png in Resources */,
				37348C5D190CFD5E007605DA /* ok.png in Resources */,
				2F739C97190FF4C000FE2608 /* Backup.storyboard in Resources */,
				37348C5C190CFD5E007605DA /* no.png in Resources */,
				37348C70190D0307007605DA /* Navigation-Bar.png in Resources */,
				37348C6E190D0307007605DA /* button.png in Resources */,
				37348C60190CFD5E007605DA /* tx.png in Resources */,
				37348C75190D1109007605DA /* xz.png in Resources */,
				37348C71190D0307007605DA /* Navigation-Bar_6.png in Resources */,
				37348C77190D14B6007605DA /* register_btn_p.png in Resources */,
				2FAB68B3190A26D40081D6B6 /* Images.xcassets in Resources */,
				37348C6F190D0307007605DA /* my.png in Resources */,
				37348C6C190D0307007605DA /* back.png in Resources */,
				37348C79190D14C6007605DA /* register_btn_n.png in Resources */,
				2FAB68A5190A26D40081D6B6 /* InfoPlist.strings in Resources */,
				37348C33190CE76F007605DA /* HelpViewController.xib in Resources */,
				37348C74190D1109007605DA /* hq.png in Resources */,
				37348C88190D4150007605DA /* AboutViewController.xib in Resources */,
				37348C8A190D415F007605DA /* ContactUsViewController.xib in Resources */,
				37348C5E190CFD5E007605DA /* Push-button.png in Resources */,
			);
			runOnlyForDeploymentPostprocessing = 0;
		};
		2FAB68B6190A26D40081D6B6 /* Resources */ = {
			isa = PBXResourcesBuildPhase;
			buildActionMask = 2147483647;
			files = (
				2FAB68C4190A26D40081D6B6 /* InfoPlist.strings in Resources */,
			);
			runOnlyForDeploymentPostprocessing = 0;
		};
/* End PBXResourcesBuildPhase section */

/* Begin PBXSourcesBuildPhase section */
		2FAB6893190A26D40081D6B6 /* Sources */ = {
			isa = PBXSourcesBuildPhase;
			buildActionMask = 2147483647;
			files = (
				37348C36190CE79E007605DA /* ViewUtil.m in Sources */,
				37348C64190D0172007605DA /* BaseViewController.m in Sources */,
				2FAB68AB190A26D40081D6B6 /* AppDelegate.m in Sources */,
				37348C86190D3FA3007605DA /* ContactUsViewController.m in Sources */,
				2FAB68A7190A26D40081D6B6 /* main.m in Sources */,
				37348C4D190CF6E8007605DA /* LoginViewController.m in Sources */,
				37348C3C190CE880007605DA /* CommonService.m in Sources */,
				37348C7C190D1815007605DA /* FindPWViewController.m in Sources */,
				37348C32190CE76F007605DA /* HelpViewController.m in Sources */,
				37348C83190D3F6A007605DA /* AboutViewController.m in Sources */,
				37348C50190CF95A007605DA /* RegisterViewController.m in Sources */,
				37348C80190D3F46007605DA /* MoreViewController.m in Sources */,
			);
			runOnlyForDeploymentPostprocessing = 0;
		};
		2FAB68B4190A26D40081D6B6 /* Sources */ = {
			isa = PBXSourcesBuildPhase;
			buildActionMask = 2147483647;
			files = (
				2FAB68C6190A26D50081D6B6 /* ManhattanEnglishTests.m in Sources */,
			);
			runOnlyForDeploymentPostprocessing = 0;
		};
/* End PBXSourcesBuildPhase section */

/* Begin PBXTargetDependency section */
		2FAB68BE190A26D40081D6B6 /* PBXTargetDependency */ = {
			isa = PBXTargetDependency;
			target = 2FAB6896190A26D40081D6B6 /* ManhattanEnglish */;
			targetProxy = 2FAB68BD190A26D40081D6B6 /* PBXContainerItemProxy */;
		};
/* End PBXTargetDependency section */

/* Begin PBXVariantGroup section */
		2FAB68A3190A26D40081D6B6 /* InfoPlist.strings */ = {
			isa = PBXVariantGroup;
			children = (
				2FAB68A4190A26D40081D6B6 /* en */,
			);
			name = InfoPlist.strings;
			sourceTree = "<group>";
		};
		2FAB68C2190A26D40081D6B6 /* InfoPlist.strings */ = {
			isa = PBXVariantGroup;
			children = (
				2FAB68C3190A26D40081D6B6 /* en */,
			);
			name = InfoPlist.strings;
			sourceTree = "<group>";
		};
		37348C44190CF10E007605DA /* Main.storyboard */ = {
			isa = PBXVariantGroup;
			children = (
				37348C45190CF10E007605DA /* Base */,
				37348C49190CF189007605DA /* en */,
			);
			name = Main.storyboard;
			sourceTree = "<group>";
		};
/* End PBXVariantGroup section */

/* Begin XCBuildConfiguration section */
		2FAB68C7190A26D50081D6B6 /* Debug */ = {
			isa = XCBuildConfiguration;
			buildSettings = {
				ALWAYS_SEARCH_USER_PATHS = NO;
				CLANG_CXX_LANGUAGE_STANDARD = "gnu++0x";
				CLANG_CXX_LIBRARY = "libc++";
				CLANG_ENABLE_MODULES = YES;
				CLANG_ENABLE_OBJC_ARC = YES;
				CLANG_WARN_BOOL_CONVERSION = YES;
				CLANG_WARN_CONSTANT_CONVERSION = YES;
				CLANG_WARN_DIRECT_OBJC_ISA_USAGE = YES_ERROR;
				CLANG_WARN_EMPTY_BODY = YES;
				CLANG_WARN_ENUM_CONVERSION = YES;
				CLANG_WARN_INT_CONVERSION = YES;
				CLANG_WARN_OBJC_ROOT_CLASS = YES_ERROR;
				CLANG_WARN__DUPLICATE_METHOD_MATCH = YES;
				"CODE_SIGN_IDENTITY[sdk=iphoneos*]" = "iPhone Developer";
				COPY_PHASE_STRIP = NO;
				GCC_C_LANGUAGE_STANDARD = gnu99;
				GCC_DYNAMIC_NO_PIC = NO;
				GCC_OPTIMIZATION_LEVEL = 0;
				GCC_PREPROCESSOR_DEFINITIONS = (
					"DEBUG=1",
					"$(inherited)",
				);
				GCC_SYMBOLS_PRIVATE_EXTERN = NO;
				GCC_WARN_64_TO_32_BIT_CONVERSION = YES;
				GCC_WARN_ABOUT_RETURN_TYPE = YES_ERROR;
				GCC_WARN_UNDECLARED_SELECTOR = YES;
				GCC_WARN_UNINITIALIZED_AUTOS = YES_AGGRESSIVE;
				GCC_WARN_UNUSED_FUNCTION = YES;
				GCC_WARN_UNUSED_VARIABLE = YES;
				IPHONEOS_DEPLOYMENT_TARGET = 7.1;
				ONLY_ACTIVE_ARCH = YES;
				SDKROOT = iphoneos;
			};
			name = Debug;
		};
		2FAB68C8190A26D50081D6B6 /* Release */ = {
			isa = XCBuildConfiguration;
			buildSettings = {
				ALWAYS_SEARCH_USER_PATHS = NO;
				CLANG_CXX_LANGUAGE_STANDARD = "gnu++0x";
				CLANG_CXX_LIBRARY = "libc++";
				CLANG_ENABLE_MODULES = YES;
				CLANG_ENABLE_OBJC_ARC = YES;
				CLANG_WARN_BOOL_CONVERSION = YES;
				CLANG_WARN_CONSTANT_CONVERSION = YES;
				CLANG_WARN_DIRECT_OBJC_ISA_USAGE = YES_ERROR;
				CLANG_WARN_EMPTY_BODY = YES;
				CLANG_WARN_ENUM_CONVERSION = YES;
				CLANG_WARN_INT_CONVERSION = YES;
				CLANG_WARN_OBJC_ROOT_CLASS = YES_ERROR;
				CLANG_WARN__DUPLICATE_METHOD_MATCH = YES;
				"CODE_SIGN_IDENTITY[sdk=iphoneos*]" = "iPhone Developer";
				COPY_PHASE_STRIP = YES;
				ENABLE_NS_ASSERTIONS = NO;
				GCC_C_LANGUAGE_STANDARD = gnu99;
				GCC_WARN_64_TO_32_BIT_CONVERSION = YES;
				GCC_WARN_ABOUT_RETURN_TYPE = YES_ERROR;
				GCC_WARN_UNDECLARED_SELECTOR = YES;
				GCC_WARN_UNINITIALIZED_AUTOS = YES_AGGRESSIVE;
				GCC_WARN_UNUSED_FUNCTION = YES;
				GCC_WARN_UNUSED_VARIABLE = YES;
				IPHONEOS_DEPLOYMENT_TARGET = 7.1;
				SDKROOT = iphoneos;
				VALIDATE_PRODUCT = YES;
			};
			name = Release;
		};
		2FAB68CA190A26D50081D6B6 /* Debug */ = {
			isa = XCBuildConfiguration;
			buildSettings = {
				ASSETCATALOG_COMPILER_APPICON_NAME = AppIcon;
				ASSETCATALOG_COMPILER_LAUNCHIMAGE_NAME = LaunchImage;
				GCC_PRECOMPILE_PREFIX_HEADER = YES;
				GCC_PREFIX_HEADER = "ManhattanEnglish/ManhattanEnglish-Prefix.pch";
				INFOPLIST_FILE = "ManhattanEnglish/ManhattanEnglish-Info.plist";
				IPHONEOS_DEPLOYMENT_TARGET = 6.0;
				PRODUCT_NAME = "$(TARGET_NAME)";
				WRAPPER_EXTENSION = app;
			};
			name = Debug;
		};
		2FAB68CB190A26D50081D6B6 /* Release */ = {
			isa = XCBuildConfiguration;
			buildSettings = {
				ASSETCATALOG_COMPILER_APPICON_NAME = AppIcon;
				ASSETCATALOG_COMPILER_LAUNCHIMAGE_NAME = LaunchImage;
				GCC_PRECOMPILE_PREFIX_HEADER = YES;
				GCC_PREFIX_HEADER = "ManhattanEnglish/ManhattanEnglish-Prefix.pch";
				INFOPLIST_FILE = "ManhattanEnglish/ManhattanEnglish-Info.plist";
				IPHONEOS_DEPLOYMENT_TARGET = 6.0;
				PRODUCT_NAME = "$(TARGET_NAME)";
				WRAPPER_EXTENSION = app;
			};
			name = Release;
		};
		2FAB68CD190A26D50081D6B6 /* Debug */ = {
			isa = XCBuildConfiguration;
			buildSettings = {
				BUNDLE_LOADER = "$(BUILT_PRODUCTS_DIR)/ManhattanEnglish.app/ManhattanEnglish";
				FRAMEWORK_SEARCH_PATHS = (
					"$(SDKROOT)/Developer/Library/Frameworks",
					"$(inherited)",
					"$(DEVELOPER_FRAMEWORKS_DIR)",
				);
				GCC_PRECOMPILE_PREFIX_HEADER = YES;
				GCC_PREFIX_HEADER = "ManhattanEnglish/ManhattanEnglish-Prefix.pch";
				GCC_PREPROCESSOR_DEFINITIONS = (
					"DEBUG=1",
					"$(inherited)",
				);
				INFOPLIST_FILE = "ManhattanEnglishTests/ManhattanEnglishTests-Info.plist";
				PRODUCT_NAME = "$(TARGET_NAME)";
				TEST_HOST = "$(BUNDLE_LOADER)";
				WRAPPER_EXTENSION = xctest;
			};
			name = Debug;
		};
		2FAB68CE190A26D50081D6B6 /* Release */ = {
			isa = XCBuildConfiguration;
			buildSettings = {
				BUNDLE_LOADER = "$(BUILT_PRODUCTS_DIR)/ManhattanEnglish.app/ManhattanEnglish";
				FRAMEWORK_SEARCH_PATHS = (
					"$(SDKROOT)/Developer/Library/Frameworks",
					"$(inherited)",
					"$(DEVELOPER_FRAMEWORKS_DIR)",
				);
				GCC_PRECOMPILE_PREFIX_HEADER = YES;
				GCC_PREFIX_HEADER = "ManhattanEnglish/ManhattanEnglish-Prefix.pch";
				INFOPLIST_FILE = "ManhattanEnglishTests/ManhattanEnglishTests-Info.plist";
				PRODUCT_NAME = "$(TARGET_NAME)";
				TEST_HOST = "$(BUNDLE_LOADER)";
				WRAPPER_EXTENSION = xctest;
			};
			name = Release;
		};
/* End XCBuildConfiguration section */

/* Begin XCConfigurationList section */
		2FAB6892190A26D40081D6B6 /* Build configuration list for PBXProject "ManhattanEnglish" */ = {
			isa = XCConfigurationList;
			buildConfigurations = (
				2FAB68C7190A26D50081D6B6 /* Debug */,
				2FAB68C8190A26D50081D6B6 /* Release */,
			);
			defaultConfigurationIsVisible = 0;
			defaultConfigurationName = Release;
		};
		2FAB68C9190A26D50081D6B6 /* Build configuration list for PBXNativeTarget "ManhattanEnglish" */ = {
			isa = XCConfigurationList;
			buildConfigurations = (
				2FAB68CA190A26D50081D6B6 /* Debug */,
				2FAB68CB190A26D50081D6B6 /* Release */,
			);
			defaultConfigurationIsVisible = 0;
			defaultConfigurationName = Release;
		};
		2FAB68CC190A26D50081D6B6 /* Build configuration list for PBXNativeTarget "ManhattanEnglishTests" */ = {
			isa = XCConfigurationList;
			buildConfigurations = (
				2FAB68CD190A26D50081D6B6 /* Debug */,
				2FAB68CE190A26D50081D6B6 /* Release */,
			);
			defaultConfigurationIsVisible = 0;
			defaultConfigurationName = Release;
		};
/* End XCConfigurationList section */
	};
	rootObject = 2FAB688F190A26D40081D6B6 /* Project object */;
}
